// !$*UTF8*$!
{
	archiveVersion = 1;
	classes = {
	};
	objectVersion = 46;
	objects = {

/* Begin PBXBuildFile section */
		5109146314AE0B5300047A47 /* canvas.jpg in Resources */ = {isa = PBXBuildFile; fileRef = 5109146214AE0B5200047A47 /* canvas.jpg */; };
		5109146614AE279800047A47 /* UIColor+SOSMessage.m in Sources */ = {isa = PBXBuildFile; fileRef = 5109146514AE279800047A47 /* UIColor+SOSMessage.m */; };
		5109146E14AE63FB00047A47 /* Default@2x.png in Resources */ = {isa = PBXBuildFile; fileRef = 5109146D14AE63FB00047A47 /* Default@2x.png */; };
		5109147014AE640B00047A47 /* Default-Landscape~ipad.png in Resources */ = {isa = PBXBuildFile; fileRef = 5109146F14AE640A00047A47 /* Default-Landscape~ipad.png */; };
		5109147214AE641200047A47 /* Default-Portrait~ipad.png in Resources */ = {isa = PBXBuildFile; fileRef = 5109147114AE641200047A47 /* Default-Portrait~ipad.png */; };
		510CB9411471B4A80039C8A0 /* SMMessagesHandler.m in Sources */ = {isa = PBXBuildFile; fileRef = 510CB9401471B4A80039C8A0 /* SMMessagesHandler.m */; };
		5129835114C163CA00252D33 /* new.png in Resources */ = {isa = PBXBuildFile; fileRef = 5129835014C163CA00252D33 /* new.png */; };
		5129835214C163CA00252D33 /* new.png in Resources */ = {isa = PBXBuildFile; fileRef = 5129835014C163CA00252D33 /* new.png */; };
		513B9F4E15FA82F000199E82 /* Settings.bundle in Resources */ = {isa = PBXBuildFile; fileRef = 513B9F4D15FA82F000199E82 /* Settings.bundle */; };
		513B9F4F15FA82F000199E82 /* Settings.bundle in Resources */ = {isa = PBXBuildFile; fileRef = 513B9F4D15FA82F000199E82 /* Settings.bundle */; };
		513FBA3D1480F4ED00E69AC1 /* SMAboutViewController.m in Sources */ = {isa = PBXBuildFile; fileRef = 513FBA3B1480F4ED00E69AC1 /* SMAboutViewController.m */; };
		514CDA3414975450008A3115 /* btn_back.png in Resources */ = {isa = PBXBuildFile; fileRef = 514CDA3314975450008A3115 /* btn_back.png */; };
		515B63AD16D0E1B0002FCC38 /* sosm_background_640_1136.png in Resources */ = {isa = PBXBuildFile; fileRef = 515B63AA16D0E1B0002FCC38 /* sosm_background_640_1136.png */; };
		515B63AE16D0E1B0002FCC38 /* sosm_background_640_1136.png in Resources */ = {isa = PBXBuildFile; fileRef = 515B63AA16D0E1B0002FCC38 /* sosm_background_640_1136.png */; };
		515B63AF16D0E1B0002FCC38 /* sosm_next_message.png in Resources */ = {isa = PBXBuildFile; fileRef = 515B63AB16D0E1B0002FCC38 /* sosm_next_message.png */; };
		515B63B016D0E1B0002FCC38 /* sosm_next_message.png in Resources */ = {isa = PBXBuildFile; fileRef = 515B63AB16D0E1B0002FCC38 /* sosm_next_message.png */; };
		515B63B116D0E1B0002FCC38 /* sosm_previous_message.png in Resources */ = {isa = PBXBuildFile; fileRef = 515B63AC16D0E1B0002FCC38 /* sosm_previous_message.png */; };
		515B63B216D0E1B0002FCC38 /* sosm_previous_message.png in Resources */ = {isa = PBXBuildFile; fileRef = 515B63AC16D0E1B0002FCC38 /* sosm_previous_message.png */; };
		515B63B416D0E29C002FCC38 /* sosm_message_container.png in Resources */ = {isa = PBXBuildFile; fileRef = 515B63B316D0E29C002FCC38 /* sosm_message_container.png */; };
		515B63B516D0E29C002FCC38 /* sosm_message_container.png in Resources */ = {isa = PBXBuildFile; fileRef = 515B63B316D0E29C002FCC38 /* sosm_message_container.png */; };
		515B63B716D0E336002FCC38 /* sosm_button_send.png in Resources */ = {isa = PBXBuildFile; fileRef = 515B63B616D0E336002FCC38 /* sosm_button_send.png */; };
		515B63B816D0E336002FCC38 /* sosm_button_send.png in Resources */ = {isa = PBXBuildFile; fileRef = 515B63B616D0E336002FCC38 /* sosm_button_send.png */; };
		515B63BD16D10B6E002FCC38 /* sosm_dislike.png in Resources */ = {isa = PBXBuildFile; fileRef = 515B63B916D10B6E002FCC38 /* sosm_dislike.png */; };
		515B63BE16D10B6E002FCC38 /* sosm_dislike.png in Resources */ = {isa = PBXBuildFile; fileRef = 515B63B916D10B6E002FCC38 /* sosm_dislike.png */; };
		515B63BF16D10B6E002FCC38 /* sosm_disliked.png in Resources */ = {isa = PBXBuildFile; fileRef = 515B63BA16D10B6E002FCC38 /* sosm_disliked.png */; };
		515B63C016D10B6E002FCC38 /* sosm_disliked.png in Resources */ = {isa = PBXBuildFile; fileRef = 515B63BA16D10B6E002FCC38 /* sosm_disliked.png */; };
		515B63C116D10B6E002FCC38 /* sosm_like.png in Resources */ = {isa = PBXBuildFile; fileRef = 515B63BB16D10B6E002FCC38 /* sosm_like.png */; };
		515B63C216D10B6E002FCC38 /* sosm_like.png in Resources */ = {isa = PBXBuildFile; fileRef = 515B63BB16D10B6E002FCC38 /* sosm_like.png */; };
		515B63C316D10B6E002FCC38 /* sosm_liked.png in Resources */ = {isa = PBXBuildFile; fileRef = 515B63BC16D10B6E002FCC38 /* sosm_liked.png */; };
		515B63C416D10B6E002FCC38 /* sosm_liked.png in Resources */ = {isa = PBXBuildFile; fileRef = 515B63BC16D10B6E002FCC38 /* sosm_liked.png */; };
		515B63C616D11217002FCC38 /* sosm_bottom_bar.png in Resources */ = {isa = PBXBuildFile; fileRef = 515B63C516D11217002FCC38 /* sosm_bottom_bar.png */; };
		515B63C716D11217002FCC38 /* sosm_bottom_bar.png in Resources */ = {isa = PBXBuildFile; fileRef = 515B63C516D11217002FCC38 /* sosm_bottom_bar.png */; };
		515B63C916D118C0002FCC38 /* sosm_top_bar_with_icon.png in Resources */ = {isa = PBXBuildFile; fileRef = 515B63C816D118C0002FCC38 /* sosm_top_bar_with_icon.png */; };
		515B63CA16D118C0002FCC38 /* sosm_top_bar_with_icon.png in Resources */ = {isa = PBXBuildFile; fileRef = 515B63C816D118C0002FCC38 /* sosm_top_bar_with_icon.png */; };
		515B63CD16D13416002FCC38 /* sosm_button_home_empty.png in Resources */ = {isa = PBXBuildFile; fileRef = 515B63CB16D13416002FCC38 /* sosm_button_home_empty.png */; };
		515B63CE16D13416002FCC38 /* sosm_button_home_empty.png in Resources */ = {isa = PBXBuildFile; fileRef = 515B63CB16D13416002FCC38 /* sosm_button_home_empty.png */; };
		515B63CF16D13416002FCC38 /* sosm_button_home.png in Resources */ = {isa = PBXBuildFile; fileRef = 515B63CC16D13416002FCC38 /* sosm_button_home.png */; };
		515B63D016D13416002FCC38 /* sosm_button_home.png in Resources */ = {isa = PBXBuildFile; fileRef = 515B63CC16D13416002FCC38 /* sosm_button_home.png */; };
		515B63D216D1673A002FCC38 /* 57px_full_app.png in Resources */ = {isa = PBXBuildFile; fileRef = 515B63D116D1673A002FCC38 /* 57px_full_app.png */; };
		515B63D416D16744002FCC38 /* 114px_full_app.png in Resources */ = {isa = PBXBuildFile; fileRef = 515B63D316D16744002FCC38 /* 114px_full_app.png */; };
		515B63D616D16886002FCC38 /* 72px_full_app.png in Resources */ = {isa = PBXBuildFile; fileRef = 515B63D516D16886002FCC38 /* 72px_full_app.png */; };
		515B63D816D1688F002FCC38 /* 144px_full_app.png in Resources */ = {isa = PBXBuildFile; fileRef = 515B63D716D1688E002FCC38 /* 144px_full_app.png */; };
		515F720514BE2CF5004676E1 /* main.m in Sources */ = {isa = PBXBuildFile; fileRef = 516515D4145DEA4000CF6C45 /* main.m */; };
		515F720614BE2CF5004676E1 /* AppDelegate.m in Sources */ = {isa = PBXBuildFile; fileRef = 516515D8145DEA4100CF6C45 /* AppDelegate.m */; };
		515F720714BE2CF5004676E1 /* SMCategoriesViewController.m in Sources */ = {isa = PBXBuildFile; fileRef = 516515DB145DEA4100CF6C45 /* SMCategoriesViewController.m */; };
		515F720814BE2CF5004676E1 /* NSString+SOSMessage.m in Sources */ = {isa = PBXBuildFile; fileRef = 51A5CE051465221400B274B3 /* NSString+SOSMessage.m */; };
		515F720914BE2CF5004676E1 /* SMMessageViewController.m in Sources */ = {isa = PBXBuildFile; fileRef = 51A5CE0A1466768A00B274B3 /* SMMessageViewController.m */; };
		515F720A14BE2CF5004676E1 /* SMMessagesHandler.m in Sources */ = {isa = PBXBuildFile; fileRef = 510CB9401471B4A80039C8A0 /* SMMessagesHandler.m */; };
		515F720B14BE2CF5004676E1 /* MBProgressHUD.m in Sources */ = {isa = PBXBuildFile; fileRef = 51F1A70714746B710092F9F8 /* MBProgressHUD.m */; };
		515F720C14BE2CF5004676E1 /* SMAboutViewController.m in Sources */ = {isa = PBXBuildFile; fileRef = 513FBA3B1480F4ED00E69AC1 /* SMAboutViewController.m */; };
		515F720D14BE2CF5004676E1 /* UIColor+SOSMessage.m in Sources */ = {isa = PBXBuildFile; fileRef = 5109146514AE279800047A47 /* UIColor+SOSMessage.m */; };
		515F720E14BE2CF5004676E1 /* SMProposeNewMessageController.m in Sources */ = {isa = PBXBuildFile; fileRef = 51973E3014B64B640062C26B /* SMProposeNewMessageController.m */; };
		515F720F14BE2CF5004676E1 /* UIButton+SOSMessage.m in Sources */ = {isa = PBXBuildFile; fileRef = 517ECA4214B9A8F600B3CA55 /* UIButton+SOSMessage.m */; };
		515F721114BE2CF5004676E1 /* Twitter.framework in Frameworks */ = {isa = PBXBuildFile; fileRef = 517ECA4C14BCD39B00B3CA55 /* Twitter.framework */; };
		515F721214BE2CF5004676E1 /* MessageUI.framework in Frameworks */ = {isa = PBXBuildFile; fileRef = 51712AE614A1BE7000E366AF /* MessageUI.framework */; };
		515F721314BE2CF5004676E1 /* CoreText.framework in Frameworks */ = {isa = PBXBuildFile; fileRef = 51A5CE131466E24200B274B3 /* CoreText.framework */; };
		515F721414BE2CF5004676E1 /* UIKit.framework in Frameworks */ = {isa = PBXBuildFile; fileRef = 516515C8145DEA4000CF6C45 /* UIKit.framework */; };
		515F721514BE2CF5004676E1 /* Foundation.framework in Frameworks */ = {isa = PBXBuildFile; fileRef = 516515CA145DEA4000CF6C45 /* Foundation.framework */; };
		515F721614BE2CF5004676E1 /* CoreGraphics.framework in Frameworks */ = {isa = PBXBuildFile; fileRef = 516515CC145DEA4000CF6C45 /* CoreGraphics.framework */; };
		515F721814BE2CF5004676E1 /* InfoPlist.strings in Resources */ = {isa = PBXBuildFile; fileRef = 516515D1145DEA4000CF6C45 /* InfoPlist.strings */; };
		515F721914BE2CF5004676E1 /* SMCategoriesViewController.xib in Resources */ = {isa = PBXBuildFile; fileRef = 516515DD145DEA4100CF6C45 /* SMCategoriesViewController.xib */; };
		515F721A14BE2CF5004676E1 /* SMMessageViewController.xib in Resources */ = {isa = PBXBuildFile; fileRef = 51A5CE0B1466768A00B274B3 /* SMMessageViewController.xib */; };
		515F721C14BE2CF5004676E1 /* btn_back.png in Resources */ = {isa = PBXBuildFile; fileRef = 514CDA3314975450008A3115 /* btn_back.png */; };
		515F721D14BE2CF5004676E1 /* canvas.jpg in Resources */ = {isa = PBXBuildFile; fileRef = 5109146214AE0B5200047A47 /* canvas.jpg */; };
		515F722014BE2CF5004676E1 /* Default@2x.png in Resources */ = {isa = PBXBuildFile; fileRef = 5109146D14AE63FB00047A47 /* Default@2x.png */; };
		515F722114BE2CF5004676E1 /* Default-Landscape~ipad.png in Resources */ = {isa = PBXBuildFile; fileRef = 5109146F14AE640A00047A47 /* Default-Landscape~ipad.png */; };
		515F722214BE2CF5004676E1 /* Default-Portrait~ipad.png in Resources */ = {isa = PBXBuildFile; fileRef = 5109147114AE641200047A47 /* Default-Portrait~ipad.png */; };
		516515C9145DEA4000CF6C45 /* UIKit.framework in Frameworks */ = {isa = PBXBuildFile; fileRef = 516515C8145DEA4000CF6C45 /* UIKit.framework */; };
		516515CB145DEA4000CF6C45 /* Foundation.framework in Frameworks */ = {isa = PBXBuildFile; fileRef = 516515CA145DEA4000CF6C45 /* Foundation.framework */; };
		516515CD145DEA4000CF6C45 /* CoreGraphics.framework in Frameworks */ = {isa = PBXBuildFile; fileRef = 516515CC145DEA4000CF6C45 /* CoreGraphics.framework */; };
		516515D3145DEA4000CF6C45 /* InfoPlist.strings in Resources */ = {isa = PBXBuildFile; fileRef = 516515D1145DEA4000CF6C45 /* InfoPlist.strings */; };
		516515D5145DEA4000CF6C45 /* main.m in Sources */ = {isa = PBXBuildFile; fileRef = 516515D4145DEA4000CF6C45 /* main.m */; };
		516515D9145DEA4100CF6C45 /* AppDelegate.m in Sources */ = {isa = PBXBuildFile; fileRef = 516515D8145DEA4100CF6C45 /* AppDelegate.m */; };
		516515DC145DEA4100CF6C45 /* SMCategoriesViewController.m in Sources */ = {isa = PBXBuildFile; fileRef = 516515DB145DEA4100CF6C45 /* SMCategoriesViewController.m */; };
		516515DF145DEA4100CF6C45 /* SMCategoriesViewController.xib in Resources */ = {isa = PBXBuildFile; fileRef = 516515DD145DEA4100CF6C45 /* SMCategoriesViewController.xib */; };
		51712AE714A1BE7000E366AF /* MessageUI.framework in Frameworks */ = {isa = PBXBuildFile; fileRef = 51712AE614A1BE7000E366AF /* MessageUI.framework */; };
		5171FA28160BADB600D19E01 /* Default-568h@2x.png in Resources */ = {isa = PBXBuildFile; fileRef = 5171FA27160BADB600D19E01 /* Default-568h@2x.png */; };
		51788A1A150CE50700AEE736 /* new_stamp.png in Resources */ = {isa = PBXBuildFile; fileRef = 51788A19150CE50700AEE736 /* new_stamp.png */; };
		51788A1B150CE50700AEE736 /* new_stamp.png in Resources */ = {isa = PBXBuildFile; fileRef = 51788A19150CE50700AEE736 /* new_stamp.png */; };
		517E321B14F0DB1D003565F9 /* AdBannerNavigationController.m in Sources */ = {isa = PBXBuildFile; fileRef = 517E321A14F0DB1D003565F9 /* AdBannerNavigationController.m */; };
		517E321C14F0DB1D003565F9 /* AdBannerNavigationController.m in Sources */ = {isa = PBXBuildFile; fileRef = 517E321A14F0DB1D003565F9 /* AdBannerNavigationController.m */; };
		517ECA4314B9A8F600B3CA55 /* UIButton+SOSMessage.m in Sources */ = {isa = PBXBuildFile; fileRef = 517ECA4214B9A8F600B3CA55 /* UIButton+SOSMessage.m */; };
		517ECA4D14BCD39B00B3CA55 /* Twitter.framework in Frameworks */ = {isa = PBXBuildFile; fileRef = 517ECA4C14BCD39B00B3CA55 /* Twitter.framework */; };
		51973E3214B64B650062C26B /* SMProposeNewMessageController.m in Sources */ = {isa = PBXBuildFile; fileRef = 51973E3014B64B640062C26B /* SMProposeNewMessageController.m */; };
		51A5CE061465221400B274B3 /* NSString+SOSMessage.m in Sources */ = {isa = PBXBuildFile; fileRef = 51A5CE051465221400B274B3 /* NSString+SOSMessage.m */; };
		51A5CE0C1466768A00B274B3 /* SMMessageViewController.m in Sources */ = {isa = PBXBuildFile; fileRef = 51A5CE0A1466768A00B274B3 /* SMMessageViewController.m */; };
		51A5CE0D1466768A00B274B3 /* SMMessageViewController.xib in Resources */ = {isa = PBXBuildFile; fileRef = 51A5CE0B1466768A00B274B3 /* SMMessageViewController.xib */; };
		51A5CE141466E24200B274B3 /* CoreText.framework in Frameworks */ = {isa = PBXBuildFile; fileRef = 51A5CE131466E24200B274B3 /* CoreText.framework */; };
		51B84BA114CC81C400A20D2C /* btn_send.png in Resources */ = {isa = PBXBuildFile; fileRef = 51B84BA014CC81C400A20D2C /* btn_send.png */; };
		51B84BA214CC81C400A20D2C /* btn_send.png in Resources */ = {isa = PBXBuildFile; fileRef = 51B84BA014CC81C400A20D2C /* btn_send.png */; };
		51B84BA714CC836200A20D2C /* btn_minus.png in Resources */ = {isa = PBXBuildFile; fileRef = 51B84BA414CC836200A20D2C /* btn_minus.png */; };
		51B84BA814CC836200A20D2C /* btn_minus.png in Resources */ = {isa = PBXBuildFile; fileRef = 51B84BA414CC836200A20D2C /* btn_minus.png */; };
		51B84BA914CC836200A20D2C /* btn_next.png in Resources */ = {isa = PBXBuildFile; fileRef = 51B84BA514CC836200A20D2C /* btn_next.png */; };
		51B84BAA14CC836200A20D2C /* btn_next.png in Resources */ = {isa = PBXBuildFile; fileRef = 51B84BA514CC836200A20D2C /* btn_next.png */; };
		51B84BAB14CC836200A20D2C /* btn_plus.png in Resources */ = {isa = PBXBuildFile; fileRef = 51B84BA614CC836200A20D2C /* btn_plus.png */; };
		51B84BAC14CC836200A20D2C /* btn_plus.png in Resources */ = {isa = PBXBuildFile; fileRef = 51B84BA614CC836200A20D2C /* btn_plus.png */; };
		51B8CCD116FAEBF6009B5DB4 /* 57px_breakup.png in Resources */ = {isa = PBXBuildFile; fileRef = 51B8CCD016FAEBF6009B5DB4 /* 57px_breakup.png */; };
		51B8CCD316FAEC07009B5DB4 /* 114px_breakup.png in Resources */ = {isa = PBXBuildFile; fileRef = 51B8CCD216FAEC07009B5DB4 /* 114px_breakup.png */; };
		51B8CCD416FAEC43009B5DB4 /* Default-568h@2x.png in Resources */ = {isa = PBXBuildFile; fileRef = 5171FA27160BADB600D19E01 /* Default-568h@2x.png */; };
		51B8CCD616FAEC72009B5DB4 /* 72px_breakup.png in Resources */ = {isa = PBXBuildFile; fileRef = 51B8CCD516FAEC72009B5DB4 /* 72px_breakup.png */; };
		51B8CCD816FAEC78009B5DB4 /* 144px_breakup.png in Resources */ = {isa = PBXBuildFile; fileRef = 51B8CCD716FAEC78009B5DB4 /* 144px_breakup.png */; };
		51B8CCDB16FAECB3009B5DB4 /* main.m in Sources */ = {isa = PBXBuildFile; fileRef = 516515D4145DEA4000CF6C45 /* main.m */; };
		51B8CCDC16FAECB3009B5DB4 /* AppDelegate.m in Sources */ = {isa = PBXBuildFile; fileRef = 516515D8145DEA4100CF6C45 /* AppDelegate.m */; };
		51B8CCDD16FAECB3009B5DB4 /* SMCategoriesViewController.m in Sources */ = {isa = PBXBuildFile; fileRef = 516515DB145DEA4100CF6C45 /* SMCategoriesViewController.m */; };
		51B8CCDE16FAECB3009B5DB4 /* NSString+SOSMessage.m in Sources */ = {isa = PBXBuildFile; fileRef = 51A5CE051465221400B274B3 /* NSString+SOSMessage.m */; };
		51B8CCDF16FAECB3009B5DB4 /* SMMessageViewController.m in Sources */ = {isa = PBXBuildFile; fileRef = 51A5CE0A1466768A00B274B3 /* SMMessageViewController.m */; };
		51B8CCE016FAECB3009B5DB4 /* SMMessagesHandler.m in Sources */ = {isa = PBXBuildFile; fileRef = 510CB9401471B4A80039C8A0 /* SMMessagesHandler.m */; };
		51B8CCE116FAECB3009B5DB4 /* MBProgressHUD.m in Sources */ = {isa = PBXBuildFile; fileRef = 51F1A70714746B710092F9F8 /* MBProgressHUD.m */; };
		51B8CCE216FAECB3009B5DB4 /* SMAboutViewController.m in Sources */ = {isa = PBXBuildFile; fileRef = 513FBA3B1480F4ED00E69AC1 /* SMAboutViewController.m */; };
		51B8CCE316FAECB3009B5DB4 /* UIColor+SOSMessage.m in Sources */ = {isa = PBXBuildFile; fileRef = 5109146514AE279800047A47 /* UIColor+SOSMessage.m */; };
		51B8CCE416FAECB3009B5DB4 /* SMProposeNewMessageController.m in Sources */ = {isa = PBXBuildFile; fileRef = 51973E3014B64B640062C26B /* SMProposeNewMessageController.m */; };
		51B8CCE516FAECB3009B5DB4 /* UIButton+SOSMessage.m in Sources */ = {isa = PBXBuildFile; fileRef = 517ECA4214B9A8F600B3CA55 /* UIButton+SOSMessage.m */; };
		51B8CCE616FAECB3009B5DB4 /* AdBannerNavigationController.m in Sources */ = {isa = PBXBuildFile; fileRef = 517E321A14F0DB1D003565F9 /* AdBannerNavigationController.m */; };
		51B8CCE816FAECB3009B5DB4 /* iAd.framework in Frameworks */ = {isa = PBXBuildFile; fileRef = 51CBBC0614BE330D009148B2 /* iAd.framework */; };
		51B8CCE916FAECB3009B5DB4 /* Twitter.framework in Frameworks */ = {isa = PBXBuildFile; fileRef = 517ECA4C14BCD39B00B3CA55 /* Twitter.framework */; };
		51B8CCEA16FAECB3009B5DB4 /* MessageUI.framework in Frameworks */ = {isa = PBXBuildFile; fileRef = 51712AE614A1BE7000E366AF /* MessageUI.framework */; };
		51B8CCEB16FAECB3009B5DB4 /* CoreText.framework in Frameworks */ = {isa = PBXBuildFile; fileRef = 51A5CE131466E24200B274B3 /* CoreText.framework */; };
		51B8CCEC16FAECB3009B5DB4 /* UIKit.framework in Frameworks */ = {isa = PBXBuildFile; fileRef = 516515C8145DEA4000CF6C45 /* UIKit.framework */; };
		51B8CCED16FAECB3009B5DB4 /* Foundation.framework in Frameworks */ = {isa = PBXBuildFile; fileRef = 516515CA145DEA4000CF6C45 /* Foundation.framework */; };
		51B8CCEE16FAECB3009B5DB4 /* CoreGraphics.framework in Frameworks */ = {isa = PBXBuildFile; fileRef = 516515CC145DEA4000CF6C45 /* CoreGraphics.framework */; };
		51B8CCF016FAECB3009B5DB4 /* InfoPlist.strings in Resources */ = {isa = PBXBuildFile; fileRef = 516515D1145DEA4000CF6C45 /* InfoPlist.strings */; };
		51B8CCF116FAECB3009B5DB4 /* SMCategoriesViewController.xib in Resources */ = {isa = PBXBuildFile; fileRef = 516515DD145DEA4100CF6C45 /* SMCategoriesViewController.xib */; };
		51B8CCF216FAECB3009B5DB4 /* SMMessageViewController.xib in Resources */ = {isa = PBXBuildFile; fileRef = 51A5CE0B1466768A00B274B3 /* SMMessageViewController.xib */; };
		51B8CCF316FAECB3009B5DB4 /* SMAboutViewController.xib in Resources */ = {isa = PBXBuildFile; fileRef = 51C133B415FD26A200128453 /* SMAboutViewController.xib */; };
		51B8CCF416FAECB3009B5DB4 /* btn_back.png in Resources */ = {isa = PBXBuildFile; fileRef = 514CDA3314975450008A3115 /* btn_back.png */; };
		51B8CCF516FAECB3009B5DB4 /* canvas.jpg in Resources */ = {isa = PBXBuildFile; fileRef = 5109146214AE0B5200047A47 /* canvas.jpg */; };
		51B8CCF616FAECB3009B5DB4 /* Default@2x.png in Resources */ = {isa = PBXBuildFile; fileRef = 5109146D14AE63FB00047A47 /* Default@2x.png */; };
		51B8CCF716FAECB3009B5DB4 /* Default-Landscape~ipad.png in Resources */ = {isa = PBXBuildFile; fileRef = 5109146F14AE640A00047A47 /* Default-Landscape~ipad.png */; };
		51B8CCF816FAECB3009B5DB4 /* Default-Portrait~ipad.png in Resources */ = {isa = PBXBuildFile; fileRef = 5109147114AE641200047A47 /* Default-Portrait~ipad.png */; };
		51B8CCF916FAECB3009B5DB4 /* SMProposeNewMessageController.xib in Resources */ = {isa = PBXBuildFile; fileRef = 51C133AF15FD257000128453 /* SMProposeNewMessageController.xib */; };
		51B8CCFA16FAECB3009B5DB4 /* new.png in Resources */ = {isa = PBXBuildFile; fileRef = 5129835014C163CA00252D33 /* new.png */; };
		51B8CCFB16FAECB3009B5DB4 /* btn_send.png in Resources */ = {isa = PBXBuildFile; fileRef = 51B84BA014CC81C400A20D2C /* btn_send.png */; };
		51B8CCFC16FAECB3009B5DB4 /* btn_minus.png in Resources */ = {isa = PBXBuildFile; fileRef = 51B84BA414CC836200A20D2C /* btn_minus.png */; };
		51B8CCFD16FAECB3009B5DB4 /* btn_next.png in Resources */ = {isa = PBXBuildFile; fileRef = 51B84BA514CC836200A20D2C /* btn_next.png */; };
		51B8CCFE16FAECB3009B5DB4 /* btn_plus.png in Resources */ = {isa = PBXBuildFile; fileRef = 51B84BA614CC836200A20D2C /* btn_plus.png */; };
		51B8CCFF16FAECB3009B5DB4 /* new_stamp.png in Resources */ = {isa = PBXBuildFile; fileRef = 51788A19150CE50700AEE736 /* new_stamp.png */; };
		51B8CD0016FAECB3009B5DB4 /* Settings.bundle in Resources */ = {isa = PBXBuildFile; fileRef = 513B9F4D15FA82F000199E82 /* Settings.bundle */; };
		51B8CD0116FAECB3009B5DB4 /* Localizable.strings in Resources */ = {isa = PBXBuildFile; fileRef = 51C133B615FD27B200128453 /* Localizable.strings */; };
		51B8CD0216FAECB3009B5DB4 /* Localizable.strings in Resources */ = {isa = PBXBuildFile; fileRef = 51C133B915FD27B200128453 /* Localizable.strings */; };
		51B8CD0316FAECB3009B5DB4 /* sosm_background_640_1136.png in Resources */ = {isa = PBXBuildFile; fileRef = 515B63AA16D0E1B0002FCC38 /* sosm_background_640_1136.png */; };
		51B8CD0416FAECB3009B5DB4 /* sosm_next_message.png in Resources */ = {isa = PBXBuildFile; fileRef = 515B63AB16D0E1B0002FCC38 /* sosm_next_message.png */; };
		51B8CD0516FAECB3009B5DB4 /* sosm_previous_message.png in Resources */ = {isa = PBXBuildFile; fileRef = 515B63AC16D0E1B0002FCC38 /* sosm_previous_message.png */; };
		51B8CD0616FAECB3009B5DB4 /* sosm_message_container.png in Resources */ = {isa = PBXBuildFile; fileRef = 515B63B316D0E29C002FCC38 /* sosm_message_container.png */; };
		51B8CD0716FAECB3009B5DB4 /* sosm_button_send.png in Resources */ = {isa = PBXBuildFile; fileRef = 515B63B616D0E336002FCC38 /* sosm_button_send.png */; };
		51B8CD0816FAECB3009B5DB4 /* sosm_dislike.png in Resources */ = {isa = PBXBuildFile; fileRef = 515B63B916D10B6E002FCC38 /* sosm_dislike.png */; };
		51B8CD0916FAECB3009B5DB4 /* sosm_disliked.png in Resources */ = {isa = PBXBuildFile; fileRef = 515B63BA16D10B6E002FCC38 /* sosm_disliked.png */; };
		51B8CD0A16FAECB3009B5DB4 /* sosm_like.png in Resources */ = {isa = PBXBuildFile; fileRef = 515B63BB16D10B6E002FCC38 /* sosm_like.png */; };
		51B8CD0B16FAECB3009B5DB4 /* sosm_liked.png in Resources */ = {isa = PBXBuildFile; fileRef = 515B63BC16D10B6E002FCC38 /* sosm_liked.png */; };
		51B8CD0C16FAECB3009B5DB4 /* sosm_bottom_bar.png in Resources */ = {isa = PBXBuildFile; fileRef = 515B63C516D11217002FCC38 /* sosm_bottom_bar.png */; };
		51B8CD0D16FAECB3009B5DB4 /* sosm_top_bar_with_icon.png in Resources */ = {isa = PBXBuildFile; fileRef = 515B63C816D118C0002FCC38 /* sosm_top_bar_with_icon.png */; };
		51B8CD0E16FAECB3009B5DB4 /* sosm_button_home_empty.png in Resources */ = {isa = PBXBuildFile; fileRef = 515B63CB16D13416002FCC38 /* sosm_button_home_empty.png */; };
		51B8CD0F16FAECB3009B5DB4 /* sosm_button_home.png in Resources */ = {isa = PBXBuildFile; fileRef = 515B63CC16D13416002FCC38 /* sosm_button_home.png */; };
		51B8CD1016FAECB3009B5DB4 /* sosmessage-bu.plist in Resources */ = {isa = PBXBuildFile; fileRef = 51D85B6416F8D194002635CF /* sosmessage-bu.plist */; };
		51B8CD1116FAECB3009B5DB4 /* 57px_breakup.png in Resources */ = {isa = PBXBuildFile; fileRef = 51B8CCD016FAEBF6009B5DB4 /* 57px_breakup.png */; };
		51B8CD1216FAECB3009B5DB4 /* 114px_breakup.png in Resources */ = {isa = PBXBuildFile; fileRef = 51B8CCD216FAEC07009B5DB4 /* 114px_breakup.png */; };
		51B8CD1316FAECB3009B5DB4 /* Default-568h@2x.png in Resources */ = {isa = PBXBuildFile; fileRef = 5171FA27160BADB600D19E01 /* Default-568h@2x.png */; };
		51B8CD1416FAECB3009B5DB4 /* 72px_breakup.png in Resources */ = {isa = PBXBuildFile; fileRef = 51B8CCD516FAEC72009B5DB4 /* 72px_breakup.png */; };
		51B8CD1516FAECB3009B5DB4 /* 144px_breakup.png in Resources */ = {isa = PBXBuildFile; fileRef = 51B8CCD716FAEC78009B5DB4 /* 144px_breakup.png */; };
		51B8CD1C16FAED30009B5DB4 /* 57px_jokes.png in Resources */ = {isa = PBXBuildFile; fileRef = 51B8CD1B16FAED30009B5DB4 /* 57px_jokes.png */; };
		51B8CD1E16FAED34009B5DB4 /* 114px_jokes.png in Resources */ = {isa = PBXBuildFile; fileRef = 51B8CD1D16FAED34009B5DB4 /* 114px_jokes.png */; };
		51B8CD2016FAED3E009B5DB4 /* 72px_jokes.png in Resources */ = {isa = PBXBuildFile; fileRef = 51B8CD1F16FAED3E009B5DB4 /* 72px_jokes.png */; };
		51B8CD2216FAED41009B5DB4 /* 144px_jokes.png in Resources */ = {isa = PBXBuildFile; fileRef = 51B8CD2116FAED41009B5DB4 /* 144px_jokes.png */; };
		51B8CD2516FAED8A009B5DB4 /* main.m in Sources */ = {isa = PBXBuildFile; fileRef = 516515D4145DEA4000CF6C45 /* main.m */; };
		51B8CD2616FAED8A009B5DB4 /* AppDelegate.m in Sources */ = {isa = PBXBuildFile; fileRef = 516515D8145DEA4100CF6C45 /* AppDelegate.m */; };
		51B8CD2716FAED8A009B5DB4 /* SMCategoriesViewController.m in Sources */ = {isa = PBXBuildFile; fileRef = 516515DB145DEA4100CF6C45 /* SMCategoriesViewController.m */; };
		51B8CD2816FAED8A009B5DB4 /* NSString+SOSMessage.m in Sources */ = {isa = PBXBuildFile; fileRef = 51A5CE051465221400B274B3 /* NSString+SOSMessage.m */; };
		51B8CD2916FAED8A009B5DB4 /* SMMessageViewController.m in Sources */ = {isa = PBXBuildFile; fileRef = 51A5CE0A1466768A00B274B3 /* SMMessageViewController.m */; };
		51B8CD2A16FAED8A009B5DB4 /* SMMessagesHandler.m in Sources */ = {isa = PBXBuildFile; fileRef = 510CB9401471B4A80039C8A0 /* SMMessagesHandler.m */; };
		51B8CD2B16FAED8A009B5DB4 /* MBProgressHUD.m in Sources */ = {isa = PBXBuildFile; fileRef = 51F1A70714746B710092F9F8 /* MBProgressHUD.m */; };
		51B8CD2C16FAED8A009B5DB4 /* SMAboutViewController.m in Sources */ = {isa = PBXBuildFile; fileRef = 513FBA3B1480F4ED00E69AC1 /* SMAboutViewController.m */; };
		51B8CD2D16FAED8A009B5DB4 /* UIColor+SOSMessage.m in Sources */ = {isa = PBXBuildFile; fileRef = 5109146514AE279800047A47 /* UIColor+SOSMessage.m */; };
		51B8CD2E16FAED8A009B5DB4 /* SMProposeNewMessageController.m in Sources */ = {isa = PBXBuildFile; fileRef = 51973E3014B64B640062C26B /* SMProposeNewMessageController.m */; };
		51B8CD2F16FAED8A009B5DB4 /* UIButton+SOSMessage.m in Sources */ = {isa = PBXBuildFile; fileRef = 517ECA4214B9A8F600B3CA55 /* UIButton+SOSMessage.m */; };
		51B8CD3016FAED8A009B5DB4 /* AdBannerNavigationController.m in Sources */ = {isa = PBXBuildFile; fileRef = 517E321A14F0DB1D003565F9 /* AdBannerNavigationController.m */; };
		51B8CD3216FAED8A009B5DB4 /* iAd.framework in Frameworks */ = {isa = PBXBuildFile; fileRef = 51CBBC0614BE330D009148B2 /* iAd.framework */; };
		51B8CD3316FAED8A009B5DB4 /* Twitter.framework in Frameworks */ = {isa = PBXBuildFile; fileRef = 517ECA4C14BCD39B00B3CA55 /* Twitter.framework */; };
		51B8CD3416FAED8A009B5DB4 /* MessageUI.framework in Frameworks */ = {isa = PBXBuildFile; fileRef = 51712AE614A1BE7000E366AF /* MessageUI.framework */; };
		51B8CD3516FAED8A009B5DB4 /* CoreText.framework in Frameworks */ = {isa = PBXBuildFile; fileRef = 51A5CE131466E24200B274B3 /* CoreText.framework */; };
		51B8CD3616FAED8A009B5DB4 /* UIKit.framework in Frameworks */ = {isa = PBXBuildFile; fileRef = 516515C8145DEA4000CF6C45 /* UIKit.framework */; };
		51B8CD3716FAED8A009B5DB4 /* Foundation.framework in Frameworks */ = {isa = PBXBuildFile; fileRef = 516515CA145DEA4000CF6C45 /* Foundation.framework */; };
		51B8CD3816FAED8A009B5DB4 /* CoreGraphics.framework in Frameworks */ = {isa = PBXBuildFile; fileRef = 516515CC145DEA4000CF6C45 /* CoreGraphics.framework */; };
		51B8CD3A16FAED8A009B5DB4 /* InfoPlist.strings in Resources */ = {isa = PBXBuildFile; fileRef = 516515D1145DEA4000CF6C45 /* InfoPlist.strings */; };
		51B8CD3B16FAED8A009B5DB4 /* SMCategoriesViewController.xib in Resources */ = {isa = PBXBuildFile; fileRef = 516515DD145DEA4100CF6C45 /* SMCategoriesViewController.xib */; };
		51B8CD3C16FAED8A009B5DB4 /* SMMessageViewController.xib in Resources */ = {isa = PBXBuildFile; fileRef = 51A5CE0B1466768A00B274B3 /* SMMessageViewController.xib */; };
		51B8CD3D16FAED8A009B5DB4 /* SMAboutViewController.xib in Resources */ = {isa = PBXBuildFile; fileRef = 51C133B415FD26A200128453 /* SMAboutViewController.xib */; };
		51B8CD3E16FAED8A009B5DB4 /* btn_back.png in Resources */ = {isa = PBXBuildFile; fileRef = 514CDA3314975450008A3115 /* btn_back.png */; };
		51B8CD3F16FAED8A009B5DB4 /* canvas.jpg in Resources */ = {isa = PBXBuildFile; fileRef = 5109146214AE0B5200047A47 /* canvas.jpg */; };
		51B8CD4016FAED8A009B5DB4 /* Default@2x.png in Resources */ = {isa = PBXBuildFile; fileRef = 5109146D14AE63FB00047A47 /* Default@2x.png */; };
		51B8CD4116FAED8A009B5DB4 /* Default-Landscape~ipad.png in Resources */ = {isa = PBXBuildFile; fileRef = 5109146F14AE640A00047A47 /* Default-Landscape~ipad.png */; };
		51B8CD4216FAED8A009B5DB4 /* Default-Portrait~ipad.png in Resources */ = {isa = PBXBuildFile; fileRef = 5109147114AE641200047A47 /* Default-Portrait~ipad.png */; };
		51B8CD4316FAED8A009B5DB4 /* SMProposeNewMessageController.xib in Resources */ = {isa = PBXBuildFile; fileRef = 51C133AF15FD257000128453 /* SMProposeNewMessageController.xib */; };
		51B8CD4416FAED8A009B5DB4 /* new.png in Resources */ = {isa = PBXBuildFile; fileRef = 5129835014C163CA00252D33 /* new.png */; };
		51B8CD4516FAED8A009B5DB4 /* btn_send.png in Resources */ = {isa = PBXBuildFile; fileRef = 51B84BA014CC81C400A20D2C /* btn_send.png */; };
		51B8CD4616FAED8A009B5DB4 /* btn_minus.png in Resources */ = {isa = PBXBuildFile; fileRef = 51B84BA414CC836200A20D2C /* btn_minus.png */; };
		51B8CD4716FAED8A009B5DB4 /* btn_next.png in Resources */ = {isa = PBXBuildFile; fileRef = 51B84BA514CC836200A20D2C /* btn_next.png */; };
		51B8CD4816FAED8A009B5DB4 /* btn_plus.png in Resources */ = {isa = PBXBuildFile; fileRef = 51B84BA614CC836200A20D2C /* btn_plus.png */; };
		51B8CD4916FAED8A009B5DB4 /* new_stamp.png in Resources */ = {isa = PBXBuildFile; fileRef = 51788A19150CE50700AEE736 /* new_stamp.png */; };
		51B8CD4A16FAED8A009B5DB4 /* Settings.bundle in Resources */ = {isa = PBXBuildFile; fileRef = 513B9F4D15FA82F000199E82 /* Settings.bundle */; };
		51B8CD4B16FAED8A009B5DB4 /* Localizable.strings in Resources */ = {isa = PBXBuildFile; fileRef = 51C133B615FD27B200128453 /* Localizable.strings */; };
		51B8CD4C16FAED8A009B5DB4 /* Localizable.strings in Resources */ = {isa = PBXBuildFile; fileRef = 51C133B915FD27B200128453 /* Localizable.strings */; };
		51B8CD4D16FAED8A009B5DB4 /* sosm_background_640_1136.png in Resources */ = {isa = PBXBuildFile; fileRef = 515B63AA16D0E1B0002FCC38 /* sosm_background_640_1136.png */; };
		51B8CD4E16FAED8A009B5DB4 /* sosm_next_message.png in Resources */ = {isa = PBXBuildFile; fileRef = 515B63AB16D0E1B0002FCC38 /* sosm_next_message.png */; };
		51B8CD4F16FAED8A009B5DB4 /* sosm_previous_message.png in Resources */ = {isa = PBXBuildFile; fileRef = 515B63AC16D0E1B0002FCC38 /* sosm_previous_message.png */; };
		51B8CD5016FAED8A009B5DB4 /* sosm_message_container.png in Resources */ = {isa = PBXBuildFile; fileRef = 515B63B316D0E29C002FCC38 /* sosm_message_container.png */; };
		51B8CD5116FAED8A009B5DB4 /* sosm_button_send.png in Resources */ = {isa = PBXBuildFile; fileRef = 515B63B616D0E336002FCC38 /* sosm_button_send.png */; };
		51B8CD5216FAED8A009B5DB4 /* sosm_dislike.png in Resources */ = {isa = PBXBuildFile; fileRef = 515B63B916D10B6E002FCC38 /* sosm_dislike.png */; };
		51B8CD5316FAED8A009B5DB4 /* sosm_disliked.png in Resources */ = {isa = PBXBuildFile; fileRef = 515B63BA16D10B6E002FCC38 /* sosm_disliked.png */; };
		51B8CD5416FAED8A009B5DB4 /* sosm_like.png in Resources */ = {isa = PBXBuildFile; fileRef = 515B63BB16D10B6E002FCC38 /* sosm_like.png */; };
		51B8CD5516FAED8A009B5DB4 /* sosm_liked.png in Resources */ = {isa = PBXBuildFile; fileRef = 515B63BC16D10B6E002FCC38 /* sosm_liked.png */; };
		51B8CD5616FAED8A009B5DB4 /* sosm_bottom_bar.png in Resources */ = {isa = PBXBuildFile; fileRef = 515B63C516D11217002FCC38 /* sosm_bottom_bar.png */; };
		51B8CD5716FAED8A009B5DB4 /* sosm_top_bar_with_icon.png in Resources */ = {isa = PBXBuildFile; fileRef = 515B63C816D118C0002FCC38 /* sosm_top_bar_with_icon.png */; };
		51B8CD5816FAED8A009B5DB4 /* sosm_button_home_empty.png in Resources */ = {isa = PBXBuildFile; fileRef = 515B63CB16D13416002FCC38 /* sosm_button_home_empty.png */; };
		51B8CD5916FAED8A009B5DB4 /* sosm_button_home.png in Resources */ = {isa = PBXBuildFile; fileRef = 515B63CC16D13416002FCC38 /* sosm_button_home.png */; };
		51B8CD5A16FAED8A009B5DB4 /* sosmessage-bu.plist in Resources */ = {isa = PBXBuildFile; fileRef = 51D85B6416F8D194002635CF /* sosmessage-bu.plist */; };
		51B8CD5B16FAED8A009B5DB4 /* 57px_breakup.png in Resources */ = {isa = PBXBuildFile; fileRef = 51B8CCD016FAEBF6009B5DB4 /* 57px_breakup.png */; };
		51B8CD5C16FAED8A009B5DB4 /* 114px_breakup.png in Resources */ = {isa = PBXBuildFile; fileRef = 51B8CCD216FAEC07009B5DB4 /* 114px_breakup.png */; };
		51B8CD5D16FAED8A009B5DB4 /* Default-568h@2x.png in Resources */ = {isa = PBXBuildFile; fileRef = 5171FA27160BADB600D19E01 /* Default-568h@2x.png */; };
		51B8CD5E16FAED8A009B5DB4 /* 72px_breakup.png in Resources */ = {isa = PBXBuildFile; fileRef = 51B8CCD516FAEC72009B5DB4 /* 72px_breakup.png */; };
		51B8CD5F16FAED8A009B5DB4 /* 144px_breakup.png in Resources */ = {isa = PBXBuildFile; fileRef = 51B8CCD716FAEC78009B5DB4 /* 144px_breakup.png */; };
		51B8CD6016FAED8A009B5DB4 /* 57px_jokes.png in Resources */ = {isa = PBXBuildFile; fileRef = 51B8CD1B16FAED30009B5DB4 /* 57px_jokes.png */; };
		51B8CD6116FAED8A009B5DB4 /* 114px_jokes.png in Resources */ = {isa = PBXBuildFile; fileRef = 51B8CD1D16FAED34009B5DB4 /* 114px_jokes.png */; };
		51B8CD6216FAED8A009B5DB4 /* 72px_jokes.png in Resources */ = {isa = PBXBuildFile; fileRef = 51B8CD1F16FAED3E009B5DB4 /* 72px_jokes.png */; };
		51B8CD6316FAED8A009B5DB4 /* 144px_jokes.png in Resources */ = {isa = PBXBuildFile; fileRef = 51B8CD2116FAED41009B5DB4 /* 144px_jokes.png */; };
		51B8CD6A16FAEDED009B5DB4 /* 57px_birthday.png in Resources */ = {isa = PBXBuildFile; fileRef = 51B8CD6916FAEDED009B5DB4 /* 57px_birthday.png */; };
		51B8CD6C16FAEDF5009B5DB4 /* 114px_birthday.png in Resources */ = {isa = PBXBuildFile; fileRef = 51B8CD6B16FAEDF5009B5DB4 /* 114px_birthday.png */; };
		51B8CD6E16FAEDFA009B5DB4 /* 72px_birthday.png in Resources */ = {isa = PBXBuildFile; fileRef = 51B8CD6D16FAEDFA009B5DB4 /* 72px_birthday.png */; };
		51B8CD7016FAEDFE009B5DB4 /* 144px_birthday.png in Resources */ = {isa = PBXBuildFile; fileRef = 51B8CD6F16FAEDFE009B5DB4 /* 144px_birthday.png */; };
		51C133AC15FD257000128453 /* SMProposeNewMessageController.xib in Resources */ = {isa = PBXBuildFile; fileRef = 51C133AF15FD257000128453 /* SMProposeNewMessageController.xib */; };
		51C133AD15FD257000128453 /* SMProposeNewMessageController.xib in Resources */ = {isa = PBXBuildFile; fileRef = 51C133AF15FD257000128453 /* SMProposeNewMessageController.xib */; };
		51C133B115FD26A200128453 /* SMAboutViewController.xib in Resources */ = {isa = PBXBuildFile; fileRef = 51C133B415FD26A200128453 /* SMAboutViewController.xib */; };
		51C133B215FD26A200128453 /* SMAboutViewController.xib in Resources */ = {isa = PBXBuildFile; fileRef = 51C133B415FD26A200128453 /* SMAboutViewController.xib */; };
		51C133BB15FD27B200128453 /* Localizable.strings in Resources */ = {isa = PBXBuildFile; fileRef = 51C133B615FD27B200128453 /* Localizable.strings */; };
		51C133BC15FD27B200128453 /* Localizable.strings in Resources */ = {isa = PBXBuildFile; fileRef = 51C133B615FD27B200128453 /* Localizable.strings */; };
		51C133BD15FD27B200128453 /* Localizable.strings in Resources */ = {isa = PBXBuildFile; fileRef = 51C133B915FD27B200128453 /* Localizable.strings */; };
		51C133BE15FD27B200128453 /* Localizable.strings in Resources */ = {isa = PBXBuildFile; fileRef = 51C133B915FD27B200128453 /* Localizable.strings */; };
		51CBBC0714BE330E009148B2 /* iAd.framework in Frameworks */ = {isa = PBXBuildFile; fileRef = 51CBBC0614BE330D009148B2 /* iAd.framework */; };
		51CBBC0814BE3326009148B2 /* iAd.framework in Frameworks */ = {isa = PBXBuildFile; fileRef = 51CBBC0614BE330D009148B2 /* iAd.framework */; };
		51D85B6516F8D194002635CF /* sosmessage-bu.plist in Resources */ = {isa = PBXBuildFile; fileRef = 51D85B6416F8D194002635CF /* sosmessage-bu.plist */; };
		51F1A70814746B710092F9F8 /* MBProgressHUD.m in Sources */ = {isa = PBXBuildFile; fileRef = 51F1A70714746B710092F9F8 /* MBProgressHUD.m */; };
/* End PBXBuildFile section */

/* Begin PBXFileReference section */
		5109146214AE0B5200047A47 /* canvas.jpg */ = {isa = PBXFileReference; lastKnownFileType = image.jpeg; path = canvas.jpg; sourceTree = SOURCE_ROOT; };
		5109146414AE279700047A47 /* UIColor+SOSMessage.h */ = {isa = PBXFileReference; fileEncoding = 4; lastKnownFileType = sourcecode.c.h; path = "UIColor+SOSMessage.h"; sourceTree = "<group>"; };
		5109146514AE279800047A47 /* UIColor+SOSMessage.m */ = {isa = PBXFileReference; fileEncoding = 4; lastKnownFileType = sourcecode.c.objc; path = "UIColor+SOSMessage.m"; sourceTree = "<group>"; };
		5109146D14AE63FB00047A47 /* Default@2x.png */ = {isa = PBXFileReference; lastKnownFileType = image.png; path = "Default@2x.png"; sourceTree = "<group>"; };
		5109146F14AE640A00047A47 /* Default-Landscape~ipad.png */ = {isa = PBXFileReference; lastKnownFileType = image.png; path = "Default-Landscape~ipad.png"; sourceTree = "<group>"; };
		5109147114AE641200047A47 /* Default-Portrait~ipad.png */ = {isa = PBXFileReference; lastKnownFileType = image.png; path = "Default-Portrait~ipad.png"; sourceTree = "<group>"; };
		510CB93D1471A6520039C8A0 /* SMUrlBase.h */ = {isa = PBXFileReference; fileEncoding = 4; lastKnownFileType = sourcecode.c.h; path = SMUrlBase.h; sourceTree = "<group>"; };
		510CB93F1471B4A80039C8A0 /* SMMessagesHandler.h */ = {isa = PBXFileReference; fileEncoding = 4; lastKnownFileType = sourcecode.c.h; path = SMMessagesHandler.h; sourceTree = "<group>"; };
		510CB9401471B4A80039C8A0 /* SMMessagesHandler.m */ = {isa = PBXFileReference; fileEncoding = 4; lastKnownFileType = sourcecode.c.objc; path = SMMessagesHandler.m; sourceTree = "<group>"; };
		5129835014C163CA00252D33 /* new.png */ = {isa = PBXFileReference; lastKnownFileType = image.png; path = new.png; sourceTree = "<group>"; };
		513B9F4D15FA82F000199E82 /* Settings.bundle */ = {isa = PBXFileReference; lastKnownFileType = "wrapper.plug-in"; path = Settings.bundle; sourceTree = "<group>"; };
		513FBA3A1480F4ED00E69AC1 /* SMAboutViewController.h */ = {isa = PBXFileReference; fileEncoding = 4; lastKnownFileType = sourcecode.c.h; path = SMAboutViewController.h; sourceTree = "<group>"; };
		513FBA3B1480F4ED00E69AC1 /* SMAboutViewController.m */ = {isa = PBXFileReference; fileEncoding = 4; lastKnownFileType = sourcecode.c.objc; path = SMAboutViewController.m; sourceTree = "<group>"; };
		514CDA3314975450008A3115 /* btn_back.png */ = {isa = PBXFileReference; lastKnownFileType = image.png; name = btn_back.png; path = sosmessage/btn_back.png; sourceTree = "<group>"; };
		515B63AA16D0E1B0002FCC38 /* sosm_background_640_1136.png */ = {isa = PBXFileReference; lastKnownFileType = image.png; path = sosm_background_640_1136.png; sourceTree = "<group>"; };
		515B63AB16D0E1B0002FCC38 /* sosm_next_message.png */ = {isa = PBXFileReference; lastKnownFileType = image.png; path = sosm_next_message.png; sourceTree = "<group>"; };
		515B63AC16D0E1B0002FCC38 /* sosm_previous_message.png */ = {isa = PBXFileReference; lastKnownFileType = image.png; path = sosm_previous_message.png; sourceTree = "<group>"; };
		515B63B316D0E29C002FCC38 /* sosm_message_container.png */ = {isa = PBXFileReference; lastKnownFileType = image.png; path = sosm_message_container.png; sourceTree = "<group>"; };
		515B63B616D0E336002FCC38 /* sosm_button_send.png */ = {isa = PBXFileReference; lastKnownFileType = image.png; path = sosm_button_send.png; sourceTree = "<group>"; };
		515B63B916D10B6E002FCC38 /* sosm_dislike.png */ = {isa = PBXFileReference; lastKnownFileType = image.png; path = sosm_dislike.png; sourceTree = "<group>"; };
		515B63BA16D10B6E002FCC38 /* sosm_disliked.png */ = {isa = PBXFileReference; lastKnownFileType = image.png; path = sosm_disliked.png; sourceTree = "<group>"; };
		515B63BB16D10B6E002FCC38 /* sosm_like.png */ = {isa = PBXFileReference; lastKnownFileType = image.png; path = sosm_like.png; sourceTree = "<group>"; };
		515B63BC16D10B6E002FCC38 /* sosm_liked.png */ = {isa = PBXFileReference; lastKnownFileType = image.png; path = sosm_liked.png; sourceTree = "<group>"; };
		515B63C516D11217002FCC38 /* sosm_bottom_bar.png */ = {isa = PBXFileReference; lastKnownFileType = image.png; path = sosm_bottom_bar.png; sourceTree = "<group>"; };
		515B63C816D118C0002FCC38 /* sosm_top_bar_with_icon.png */ = {isa = PBXFileReference; lastKnownFileType = image.png; path = sosm_top_bar_with_icon.png; sourceTree = "<group>"; };
		515B63CB16D13416002FCC38 /* sosm_button_home_empty.png */ = {isa = PBXFileReference; lastKnownFileType = image.png; path = sosm_button_home_empty.png; sourceTree = "<group>"; };
		515B63CC16D13416002FCC38 /* sosm_button_home.png */ = {isa = PBXFileReference; lastKnownFileType = image.png; path = sosm_button_home.png; sourceTree = "<group>"; };
		515B63D116D1673A002FCC38 /* 57px_full_app.png */ = {isa = PBXFileReference; lastKnownFileType = image.png; path = 57px_full_app.png; sourceTree = "<group>"; };
		515B63D316D16744002FCC38 /* 114px_full_app.png */ = {isa = PBXFileReference; lastKnownFileType = image.png; path = 114px_full_app.png; sourceTree = "<group>"; };
		515B63D516D16886002FCC38 /* 72px_full_app.png */ = {isa = PBXFileReference; lastKnownFileType = image.png; path = 72px_full_app.png; sourceTree = "<group>"; };
		515B63D716D1688E002FCC38 /* 144px_full_app.png */ = {isa = PBXFileReference; lastKnownFileType = image.png; path = 144px_full_app.png; sourceTree = "<group>"; };
		515F722814BE2CF5004676E1 /* smbu.app */ = {isa = PBXFileReference; explicitFileType = wrapper.application; includeInIndex = 0; path = smbu.app; sourceTree = BUILT_PRODUCTS_DIR; };
		516515C4145DEA4000CF6C45 /* sosmessage.app */ = {isa = PBXFileReference; explicitFileType = wrapper.application; includeInIndex = 0; path = sosmessage.app; sourceTree = BUILT_PRODUCTS_DIR; };
		516515C8145DEA4000CF6C45 /* UIKit.framework */ = {isa = PBXFileReference; lastKnownFileType = wrapper.framework; name = UIKit.framework; path = System/Library/Frameworks/UIKit.framework; sourceTree = SDKROOT; };
		516515CA145DEA4000CF6C45 /* Foundation.framework */ = {isa = PBXFileReference; lastKnownFileType = wrapper.framework; name = Foundation.framework; path = System/Library/Frameworks/Foundation.framework; sourceTree = SDKROOT; };
		516515CC145DEA4000CF6C45 /* CoreGraphics.framework */ = {isa = PBXFileReference; lastKnownFileType = wrapper.framework; name = CoreGraphics.framework; path = System/Library/Frameworks/CoreGraphics.framework; sourceTree = SDKROOT; };
		516515D0145DEA4000CF6C45 /* sosmessage-Info.plist */ = {isa = PBXFileReference; lastKnownFileType = text.plist.xml; path = "sosmessage-Info.plist"; sourceTree = "<group>"; };
		516515D2145DEA4000CF6C45 /* en */ = {isa = PBXFileReference; lastKnownFileType = text.plist.strings; name = en; path = en.lproj/InfoPlist.strings; sourceTree = "<group>"; };
		516515D4145DEA4000CF6C45 /* main.m */ = {isa = PBXFileReference; lastKnownFileType = sourcecode.c.objc; path = main.m; sourceTree = "<group>"; };
		516515D6145DEA4100CF6C45 /* sosmessage-Prefix.pch */ = {isa = PBXFileReference; lastKnownFileType = sourcecode.c.h; path = "sosmessage-Prefix.pch"; sourceTree = "<group>"; };
		516515D7145DEA4100CF6C45 /* AppDelegate.h */ = {isa = PBXFileReference; lastKnownFileType = sourcecode.c.h; path = AppDelegate.h; sourceTree = "<group>"; };
		516515D8145DEA4100CF6C45 /* AppDelegate.m */ = {isa = PBXFileReference; lastKnownFileType = sourcecode.c.objc; path = AppDelegate.m; sourceTree = "<group>"; };
		516515DA145DEA4100CF6C45 /* SMCategoriesViewController.h */ = {isa = PBXFileReference; lastKnownFileType = sourcecode.c.h; path = SMCategoriesViewController.h; sourceTree = "<group>"; };
		516515DB145DEA4100CF6C45 /* SMCategoriesViewController.m */ = {isa = PBXFileReference; lastKnownFileType = sourcecode.c.objc; path = SMCategoriesViewController.m; sourceTree = "<group>"; };
		516515DE145DEA4100CF6C45 /* en */ = {isa = PBXFileReference; lastKnownFileType = file.xib; name = en; path = en.lproj/SMCategoriesViewController.xib; sourceTree = "<group>"; };
		51712AE614A1BE7000E366AF /* MessageUI.framework */ = {isa = PBXFileReference; lastKnownFileType = wrapper.framework; name = MessageUI.framework; path = System/Library/Frameworks/MessageUI.framework; sourceTree = SDKROOT; };
		5171FA27160BADB600D19E01 /* Default-568h@2x.png */ = {isa = PBXFileReference; lastKnownFileType = image.png; path = "Default-568h@2x.png"; sourceTree = "<group>"; };
		51788A19150CE50700AEE736 /* new_stamp.png */ = {isa = PBXFileReference; lastKnownFileType = image.png; path = new_stamp.png; sourceTree = "<group>"; };
		517E321914F0DB1D003565F9 /* AdBannerNavigationController.h */ = {isa = PBXFileReference; fileEncoding = 4; lastKnownFileType = sourcecode.c.h; path = AdBannerNavigationController.h; sourceTree = "<group>"; };
		517E321A14F0DB1D003565F9 /* AdBannerNavigationController.m */ = {isa = PBXFileReference; fileEncoding = 4; lastKnownFileType = sourcecode.c.objc; path = AdBannerNavigationController.m; sourceTree = "<group>"; };
		517ECA4114B9A8F600B3CA55 /* UIButton+SOSMessage.h */ = {isa = PBXFileReference; fileEncoding = 4; lastKnownFileType = sourcecode.c.h; path = "UIButton+SOSMessage.h"; sourceTree = "<group>"; };
		517ECA4214B9A8F600B3CA55 /* UIButton+SOSMessage.m */ = {isa = PBXFileReference; fileEncoding = 4; lastKnownFileType = sourcecode.c.objc; path = "UIButton+SOSMessage.m"; sourceTree = "<group>"; };
		517ECA4C14BCD39B00B3CA55 /* Twitter.framework */ = {isa = PBXFileReference; lastKnownFileType = wrapper.framework; name = Twitter.framework; path = System/Library/Frameworks/Twitter.framework; sourceTree = SDKROOT; };
		5187633816F4685E003D0B2B /* fr */ = {isa = PBXFileReference; lastKnownFileType = file.xib; name = fr; path = fr.lproj/SMProposeNewMessageController.xib; sourceTree = "<group>"; };
		51973E2F14B64B640062C26B /* SMProposeNewMessageController.h */ = {isa = PBXFileReference; fileEncoding = 4; lastKnownFileType = sourcecode.c.h; path = SMProposeNewMessageController.h; sourceTree = "<group>"; };
		51973E3014B64B640062C26B /* SMProposeNewMessageController.m */ = {isa = PBXFileReference; fileEncoding = 4; lastKnownFileType = sourcecode.c.objc; path = SMProposeNewMessageController.m; sourceTree = "<group>"; };
		51A5CE041465221400B274B3 /* NSString+SOSMessage.h */ = {isa = PBXFileReference; fileEncoding = 4; lastKnownFileType = sourcecode.c.h; path = "NSString+SOSMessage.h"; sourceTree = "<group>"; };
		51A5CE051465221400B274B3 /* NSString+SOSMessage.m */ = {isa = PBXFileReference; fileEncoding = 4; lastKnownFileType = sourcecode.c.objc; path = "NSString+SOSMessage.m"; sourceTree = "<group>"; };
		51A5CE081465227C00B274B3 /* SOSMessageConstant.h */ = {isa = PBXFileReference; fileEncoding = 4; lastKnownFileType = sourcecode.c.h; path = SOSMessageConstant.h; sourceTree = "<group>"; };
		51A5CE091466768900B274B3 /* SMMessageViewController.h */ = {isa = PBXFileReference; fileEncoding = 4; lastKnownFileType = sourcecode.c.h; path = SMMessageViewController.h; sourceTree = "<group>"; };
		51A5CE0A1466768A00B274B3 /* SMMessageViewController.m */ = {isa = PBXFileReference; fileEncoding = 4; lastKnownFileType = sourcecode.c.objc; path = SMMessageViewController.m; sourceTree = "<group>"; };
		51A5CE0B1466768A00B274B3 /* SMMessageViewController.xib */ = {isa = PBXFileReference; fileEncoding = 4; lastKnownFileType = file.xib; path = SMMessageViewController.xib; sourceTree = "<group>"; };
		51A5CE131466E24200B274B3 /* CoreText.framework */ = {isa = PBXFileReference; lastKnownFileType = wrapper.framework; name = CoreText.framework; path = System/Library/Frameworks/CoreText.framework; sourceTree = SDKROOT; };
		51B84BA014CC81C400A20D2C /* btn_send.png */ = {isa = PBXFileReference; lastKnownFileType = image.png; path = btn_send.png; sourceTree = "<group>"; };
		51B84BA414CC836200A20D2C /* btn_minus.png */ = {isa = PBXFileReference; lastKnownFileType = image.png; path = btn_minus.png; sourceTree = "<group>"; };
		51B84BA514CC836200A20D2C /* btn_next.png */ = {isa = PBXFileReference; lastKnownFileType = image.png; path = btn_next.png; sourceTree = "<group>"; };
		51B84BA614CC836200A20D2C /* btn_plus.png */ = {isa = PBXFileReference; lastKnownFileType = image.png; path = btn_plus.png; sourceTree = "<group>"; };
		51B8CCD016FAEBF6009B5DB4 /* 57px_breakup.png */ = {isa = PBXFileReference; lastKnownFileType = image.png; path = 57px_breakup.png; sourceTree = "<group>"; };
		51B8CCD216FAEC07009B5DB4 /* 114px_breakup.png */ = {isa = PBXFileReference; lastKnownFileType = image.png; path = 114px_breakup.png; sourceTree = "<group>"; };
		51B8CCD516FAEC72009B5DB4 /* 72px_breakup.png */ = {isa = PBXFileReference; lastKnownFileType = image.png; path = 72px_breakup.png; sourceTree = "<group>"; };
		51B8CCD716FAEC78009B5DB4 /* 144px_breakup.png */ = {isa = PBXFileReference; lastKnownFileType = image.png; path = 144px_breakup.png; sourceTree = "<group>"; };
		51B8CD1916FAECB3009B5DB4 /* smj.app */ = {isa = PBXFileReference; explicitFileType = wrapper.application; includeInIndex = 0; path = smj.app; sourceTree = BUILT_PRODUCTS_DIR; };
		51B8CD1A16FAECB3009B5DB4 /* sosmessage-jokes.plist */ = {isa = PBXFileReference; lastKnownFileType = text.plist.xml; name = "sosmessage-jokes.plist"; path = "/Volumes/Perso/aketom/sosmessagedecarte-ios/sosmessage-jokes.plist"; sourceTree = "<absolute>"; };
		51B8CD1B16FAED30009B5DB4 /* 57px_jokes.png */ = {isa = PBXFileReference; lastKnownFileType = image.png; path = 57px_jokes.png; sourceTree = "<group>"; };
		51B8CD1D16FAED34009B5DB4 /* 114px_jokes.png */ = {isa = PBXFileReference; lastKnownFileType = image.png; path = 114px_jokes.png; sourceTree = "<group>"; };
		51B8CD1F16FAED3E009B5DB4 /* 72px_jokes.png */ = {isa = PBXFileReference; lastKnownFileType = image.png; path = 72px_jokes.png; sourceTree = "<group>"; };
		51B8CD2116FAED41009B5DB4 /* 144px_jokes.png */ = {isa = PBXFileReference; lastKnownFileType = image.png; path = 144px_jokes.png; sourceTree = "<group>"; };
		51B8CD6716FAED8A009B5DB4 /* smb.app */ = {isa = PBXFileReference; explicitFileType = wrapper.application; includeInIndex = 0; path = smb.app; sourceTree = BUILT_PRODUCTS_DIR; };
		51B8CD6816FAED8A009B5DB4 /* sosmessage-birthday.plist */ = {isa = PBXFileReference; lastKnownFileType = text.plist.xml; name = "sosmessage-birthday.plist"; path = "/Volumes/Perso/aketom/sosmessagedecarte-ios/sosmessage-birthday.plist"; sourceTree = "<absolute>"; };
		51B8CD6916FAEDED009B5DB4 /* 57px_birthday.png */ = {isa = PBXFileReference; lastKnownFileType = image.png; path = 57px_birthday.png; sourceTree = "<group>"; };
		51B8CD6B16FAEDF5009B5DB4 /* 114px_birthday.png */ = {isa = PBXFileReference; lastKnownFileType = image.png; path = 114px_birthday.png; sourceTree = "<group>"; };
		51B8CD6D16FAEDFA009B5DB4 /* 72px_birthday.png */ = {isa = PBXFileReference; lastKnownFileType = image.png; path = 72px_birthday.png; sourceTree = "<group>"; };
		51B8CD6F16FAEDFE009B5DB4 /* 144px_birthday.png */ = {isa = PBXFileReference; lastKnownFileType = image.png; path = 144px_birthday.png; sourceTree = "<group>"; };
		51C133AE15FD257000128453 /* en */ = {isa = PBXFileReference; lastKnownFileType = file.xib; name = en; path = en.lproj/SMProposeNewMessageController.xib; sourceTree = "<group>"; };
		51C133B315FD26A200128453 /* en */ = {isa = PBXFileReference; lastKnownFileType = file.xib; name = en; path = en.lproj/SMAboutViewController.xib; sourceTree = "<group>"; };
		51C133B715FD27B200128453 /* en */ = {isa = PBXFileReference; lastKnownFileType = text.plist.strings; name = en; path = Localizable.strings; sourceTree = "<group>"; };
		51C133BA15FD27B200128453 /* fr */ = {isa = PBXFileReference; lastKnownFileType = text.plist.strings; name = fr; path = Localizable.strings; sourceTree = "<group>"; };
		51CBBC0614BE330D009148B2 /* iAd.framework */ = {isa = PBXFileReference; lastKnownFileType = wrapper.framework; name = iAd.framework; path = System/Library/Frameworks/iAd.framework; sourceTree = SDKROOT; };
		51D85B6416F8D194002635CF /* sosmessage-bu.plist */ = {isa = PBXFileReference; fileEncoding = 4; lastKnownFileType = text.plist.xml; path = "sosmessage-bu.plist"; sourceTree = "<group>"; };
		51DCAD9315FE8446008F07AC /* fr */ = {isa = PBXFileReference; lastKnownFileType = file.xib; name = fr; path = fr.lproj/SMAboutViewController.xib; sourceTree = "<group>"; };
		51DCAD9415FE8446008F07AC /* fr */ = {isa = PBXFileReference; lastKnownFileType = text.plist.strings; name = fr; path = fr.lproj/InfoPlist.strings; sourceTree = "<group>"; };
		51F1A70614746B710092F9F8 /* MBProgressHUD.h */ = {isa = PBXFileReference; fileEncoding = 4; lastKnownFileType = sourcecode.c.h; path = MBProgressHUD.h; sourceTree = "<group>"; };
		51F1A70714746B710092F9F8 /* MBProgressHUD.m */ = {isa = PBXFileReference; fileEncoding = 4; lastKnownFileType = sourcecode.c.objc; path = MBProgressHUD.m; sourceTree = "<group>"; };
/* End PBXFileReference section */

/* Begin PBXFrameworksBuildPhase section */
		515F721014BE2CF5004676E1 /* Frameworks */ = {
			isa = PBXFrameworksBuildPhase;
			buildActionMask = 2147483647;
			files = (
				51CBBC0714BE330E009148B2 /* iAd.framework in Frameworks */,
				515F721114BE2CF5004676E1 /* Twitter.framework in Frameworks */,
				515F721214BE2CF5004676E1 /* MessageUI.framework in Frameworks */,
				515F721314BE2CF5004676E1 /* CoreText.framework in Frameworks */,
				515F721414BE2CF5004676E1 /* UIKit.framework in Frameworks */,
				515F721514BE2CF5004676E1 /* Foundation.framework in Frameworks */,
				515F721614BE2CF5004676E1 /* CoreGraphics.framework in Frameworks */,
			);
			runOnlyForDeploymentPostprocessing = 0;
		};
		516515C1145DEA4000CF6C45 /* Frameworks */ = {
			isa = PBXFrameworksBuildPhase;
			buildActionMask = 2147483647;
			files = (
				51CBBC0814BE3326009148B2 /* iAd.framework in Frameworks */,
				517ECA4D14BCD39B00B3CA55 /* Twitter.framework in Frameworks */,
				51712AE714A1BE7000E366AF /* MessageUI.framework in Frameworks */,
				51A5CE141466E24200B274B3 /* CoreText.framework in Frameworks */,
				516515C9145DEA4000CF6C45 /* UIKit.framework in Frameworks */,
				516515CB145DEA4000CF6C45 /* Foundation.framework in Frameworks */,
				516515CD145DEA4000CF6C45 /* CoreGraphics.framework in Frameworks */,
			);
			runOnlyForDeploymentPostprocessing = 0;
		};
		51B8CCE716FAECB3009B5DB4 /* Frameworks */ = {
			isa = PBXFrameworksBuildPhase;
			buildActionMask = 2147483647;
			files = (
				51B8CCE816FAECB3009B5DB4 /* iAd.framework in Frameworks */,
				51B8CCE916FAECB3009B5DB4 /* Twitter.framework in Frameworks */,
				51B8CCEA16FAECB3009B5DB4 /* MessageUI.framework in Frameworks */,
				51B8CCEB16FAECB3009B5DB4 /* CoreText.framework in Frameworks */,
				51B8CCEC16FAECB3009B5DB4 /* UIKit.framework in Frameworks */,
				51B8CCED16FAECB3009B5DB4 /* Foundation.framework in Frameworks */,
				51B8CCEE16FAECB3009B5DB4 /* CoreGraphics.framework in Frameworks */,
			);
			runOnlyForDeploymentPostprocessing = 0;
		};
		51B8CD3116FAED8A009B5DB4 /* Frameworks */ = {
			isa = PBXFrameworksBuildPhase;
			buildActionMask = 2147483647;
			files = (
				51B8CD3216FAED8A009B5DB4 /* iAd.framework in Frameworks */,
				51B8CD3316FAED8A009B5DB4 /* Twitter.framework in Frameworks */,
				51B8CD3416FAED8A009B5DB4 /* MessageUI.framework in Frameworks */,
				51B8CD3516FAED8A009B5DB4 /* CoreText.framework in Frameworks */,
				51B8CD3616FAED8A009B5DB4 /* UIKit.framework in Frameworks */,
				51B8CD3716FAED8A009B5DB4 /* Foundation.framework in Frameworks */,
				51B8CD3816FAED8A009B5DB4 /* CoreGraphics.framework in Frameworks */,
			);
			runOnlyForDeploymentPostprocessing = 0;
		};
/* End PBXFrameworksBuildPhase section */

/* Begin PBXGroup section */
		515B63A916D0E195002FCC38 /* Resources */ = {
			isa = PBXGroup;
			children = (
				515B63CB16D13416002FCC38 /* sosm_button_home_empty.png */,
				515B63CC16D13416002FCC38 /* sosm_button_home.png */,
				515B63C816D118C0002FCC38 /* sosm_top_bar_with_icon.png */,
				515B63C516D11217002FCC38 /* sosm_bottom_bar.png */,
				515B63B916D10B6E002FCC38 /* sosm_dislike.png */,
				515B63BA16D10B6E002FCC38 /* sosm_disliked.png */,
				515B63BB16D10B6E002FCC38 /* sosm_like.png */,
				515B63BC16D10B6E002FCC38 /* sosm_liked.png */,
				515B63B616D0E336002FCC38 /* sosm_button_send.png */,
				515B63B316D0E29C002FCC38 /* sosm_message_container.png */,
				515B63AA16D0E1B0002FCC38 /* sosm_background_640_1136.png */,
				515B63AB16D0E1B0002FCC38 /* sosm_next_message.png */,
				515B63AC16D0E1B0002FCC38 /* sosm_previous_message.png */,
			);
			name = Resources;
			sourceTree = "<group>";
		};
		516515B9145DEA4000CF6C45 = {
			isa = PBXGroup;
			children = (
				51B8CD6F16FAEDFE009B5DB4 /* 144px_birthday.png */,
				51B8CD6D16FAEDFA009B5DB4 /* 72px_birthday.png */,
				51B8CD6B16FAEDF5009B5DB4 /* 114px_birthday.png */,
				51B8CD6916FAEDED009B5DB4 /* 57px_birthday.png */,
				51B8CD2116FAED41009B5DB4 /* 144px_jokes.png */,
				51B8CD1F16FAED3E009B5DB4 /* 72px_jokes.png */,
				51B8CD1D16FAED34009B5DB4 /* 114px_jokes.png */,
				51B8CD1B16FAED30009B5DB4 /* 57px_jokes.png */,
				51B8CCD716FAEC78009B5DB4 /* 144px_breakup.png */,
				51B8CCD516FAEC72009B5DB4 /* 72px_breakup.png */,
				51B8CCD216FAEC07009B5DB4 /* 114px_breakup.png */,
				51B8CCD016FAEBF6009B5DB4 /* 57px_breakup.png */,
				515B63D716D1688E002FCC38 /* 144px_full_app.png */,
				515B63D516D16886002FCC38 /* 72px_full_app.png */,
				515B63D316D16744002FCC38 /* 114px_full_app.png */,
				515B63D116D1673A002FCC38 /* 57px_full_app.png */,
				515B63A916D0E195002FCC38 /* Resources */,
				5171FA27160BADB600D19E01 /* Default-568h@2x.png */,
				513B9F4D15FA82F000199E82 /* Settings.bundle */,
				514CDA3314975450008A3115 /* btn_back.png */,
				51B84BA414CC836200A20D2C /* btn_minus.png */,
				51B84BA514CC836200A20D2C /* btn_next.png */,
				51B84BA614CC836200A20D2C /* btn_plus.png */,
				51B84BA014CC81C400A20D2C /* btn_send.png */,
				5109147114AE641200047A47 /* Default-Portrait~ipad.png */,
				5109146F14AE640A00047A47 /* Default-Landscape~ipad.png */,
				5109146D14AE63FB00047A47 /* Default@2x.png */,
				516515CE145DEA4000CF6C45 /* sosmessage */,
				516515C7145DEA4000CF6C45 /* Frameworks */,
				516515C5145DEA4000CF6C45 /* Products */,
			);
			sourceTree = "<group>";
		};
		516515C5145DEA4000CF6C45 /* Products */ = {
			isa = PBXGroup;
			children = (
				516515C4145DEA4000CF6C45 /* sosmessage.app */,
				515F722814BE2CF5004676E1 /* smbu.app */,
				51B8CD1916FAECB3009B5DB4 /* smj.app */,
				51B8CD6716FAED8A009B5DB4 /* smb.app */,
			);
			name = Products;
			sourceTree = "<group>";
		};
		516515C7145DEA4000CF6C45 /* Frameworks */ = {
			isa = PBXGroup;
			children = (
				517ECA4C14BCD39B00B3CA55 /* Twitter.framework */,
				51712AE614A1BE7000E366AF /* MessageUI.framework */,
				51A5CE131466E24200B274B3 /* CoreText.framework */,
				51CBBC0614BE330D009148B2 /* iAd.framework */,
				516515C8145DEA4000CF6C45 /* UIKit.framework */,
				516515CA145DEA4000CF6C45 /* Foundation.framework */,
				516515CC145DEA4000CF6C45 /* CoreGraphics.framework */,
			);
			name = Frameworks;
			sourceTree = "<group>";
		};
		516515CE145DEA4000CF6C45 /* sosmessage */ = {
			isa = PBXGroup;
			children = (
				517E321914F0DB1D003565F9 /* AdBannerNavigationController.h */,
				517E321A14F0DB1D003565F9 /* AdBannerNavigationController.m */,
				51A5CE081465227C00B274B3 /* SOSMessageConstant.h */,
				510CB93D1471A6520039C8A0 /* SMUrlBase.h */,
				51A5CE0E146677DE00B274B3 /* Category */,
				516515D7145DEA4100CF6C45 /* AppDelegate.h */,
				516515D8145DEA4100CF6C45 /* AppDelegate.m */,
				516515DA145DEA4100CF6C45 /* SMCategoriesViewController.h */,
				516515DB145DEA4100CF6C45 /* SMCategoriesViewController.m */,
				51A5CE091466768900B274B3 /* SMMessageViewController.h */,
				51A5CE0A1466768A00B274B3 /* SMMessageViewController.m */,
				510CB93F1471B4A80039C8A0 /* SMMessagesHandler.h */,
				510CB9401471B4A80039C8A0 /* SMMessagesHandler.m */,
				513FBA3A1480F4ED00E69AC1 /* SMAboutViewController.h */,
				513FBA3B1480F4ED00E69AC1 /* SMAboutViewController.m */,
				51973E2F14B64B640062C26B /* SMProposeNewMessageController.h */,
				51973E3014B64B640062C26B /* SMProposeNewMessageController.m */,
				51A5CE0F146677F200B274B3 /* Nibs */,
				51F1A70514746AF90092F9F8 /* LoadingHUD */,
				516515CF145DEA4000CF6C45 /* Supporting Files */,
			);
			path = sosmessage;
			sourceTree = "<group>";
		};
		516515CF145DEA4000CF6C45 /* Supporting Files */ = {
			isa = PBXGroup;
			children = (
				51C133B515FD27B200128453 /* en.lproj */,
				51C133B815FD27B200128453 /* fr.lproj */,
				51788A19150CE50700AEE736 /* new_stamp.png */,
				5129835014C163CA00252D33 /* new.png */,
				5109146214AE0B5200047A47 /* canvas.jpg */,
				51B8CD6816FAED8A009B5DB4 /* sosmessage-birthday.plist */,
				516515D0145DEA4000CF6C45 /* sosmessage-Info.plist */,
				51D85B6416F8D194002635CF /* sosmessage-bu.plist */,
				51B8CD1A16FAECB3009B5DB4 /* sosmessage-jokes.plist */,
				516515D1145DEA4000CF6C45 /* InfoPlist.strings */,
				516515D4145DEA4000CF6C45 /* main.m */,
				516515D6145DEA4100CF6C45 /* sosmessage-Prefix.pch */,
			);
			name = "Supporting Files";
			sourceTree = "<group>";
		};
		51A5CE0E146677DE00B274B3 /* Category */ = {
			isa = PBXGroup;
			children = (
				51A5CE041465221400B274B3 /* NSString+SOSMessage.h */,
				51A5CE051465221400B274B3 /* NSString+SOSMessage.m */,
				5109146414AE279700047A47 /* UIColor+SOSMessage.h */,
				5109146514AE279800047A47 /* UIColor+SOSMessage.m */,
				517ECA4114B9A8F600B3CA55 /* UIButton+SOSMessage.h */,
				517ECA4214B9A8F600B3CA55 /* UIButton+SOSMessage.m */,
			);
			name = Category;
			sourceTree = "<group>";
		};
		51A5CE0F146677F200B274B3 /* Nibs */ = {
			isa = PBXGroup;
			children = (
				51C133AF15FD257000128453 /* SMProposeNewMessageController.xib */,
				516515DD145DEA4100CF6C45 /* SMCategoriesViewController.xib */,
				51A5CE0B1466768A00B274B3 /* SMMessageViewController.xib */,
				51C133B415FD26A200128453 /* SMAboutViewController.xib */,
			);
			name = Nibs;
			sourceTree = "<group>";
		};
		51C133B515FD27B200128453 /* en.lproj */ = {
			isa = PBXGroup;
			children = (
				51C133B615FD27B200128453 /* Localizable.strings */,
			);
			path = en.lproj;
			sourceTree = SOURCE_ROOT;
		};
		51C133B815FD27B200128453 /* fr.lproj */ = {
			isa = PBXGroup;
			children = (
				51C133B915FD27B200128453 /* Localizable.strings */,
			);
			path = fr.lproj;
			sourceTree = SOURCE_ROOT;
		};
		51F1A70514746AF90092F9F8 /* LoadingHUD */ = {
			isa = PBXGroup;
			children = (
				51F1A70614746B710092F9F8 /* MBProgressHUD.h */,
				51F1A70714746B710092F9F8 /* MBProgressHUD.m */,
			);
			name = LoadingHUD;
			sourceTree = "<group>";
		};
/* End PBXGroup section */

/* Begin PBXNativeTarget section */
		515F720314BE2CF5004676E1 /* break up */ = {
			isa = PBXNativeTarget;
			buildConfigurationList = 515F722514BE2CF5004676E1 /* Build configuration list for PBXNativeTarget "break up" */;
			buildPhases = (
				515F720414BE2CF5004676E1 /* Sources */,
				515F721014BE2CF5004676E1 /* Frameworks */,
				515F721714BE2CF5004676E1 /* Resources */,
			);
			buildRules = (
			);
			dependencies = (
			);
			name = "break up";
			productName = sosmessage;
			productReference = 515F722814BE2CF5004676E1 /* smbu.app */;
			productType = "com.apple.product-type.application";
		};
		516515C3145DEA4000CF6C45 /* sosmessage */ = {
			isa = PBXNativeTarget;
			buildConfigurationList = 516515E5145DEA4100CF6C45 /* Build configuration list for PBXNativeTarget "sosmessage" */;
			buildPhases = (
				516515C0145DEA4000CF6C45 /* Sources */,
				516515C1145DEA4000CF6C45 /* Frameworks */,
				516515C2145DEA4000CF6C45 /* Resources */,
			);
			buildRules = (
			);
			dependencies = (
			);
			name = sosmessage;
			productName = sosmessage;
			productReference = 516515C4145DEA4000CF6C45 /* sosmessage.app */;
			productType = "com.apple.product-type.application";
		};
		51B8CCD916FAECB3009B5DB4 /* jokes */ = {
			isa = PBXNativeTarget;
			buildConfigurationList = 51B8CD1616FAECB3009B5DB4 /* Build configuration list for PBXNativeTarget "jokes" */;
			buildPhases = (
				51B8CCDA16FAECB3009B5DB4 /* Sources */,
				51B8CCE716FAECB3009B5DB4 /* Frameworks */,
				51B8CCEF16FAECB3009B5DB4 /* Resources */,
			);
			buildRules = (
			);
			dependencies = (
			);
			name = jokes;
			productName = sosmessage;
			productReference = 51B8CD1916FAECB3009B5DB4 /* smj.app */;
			productType = "com.apple.product-type.application";
		};
		51B8CD2316FAED8A009B5DB4 /* birthday */ = {
			isa = PBXNativeTarget;
			buildConfigurationList = 51B8CD6416FAED8A009B5DB4 /* Build configuration list for PBXNativeTarget "birthday" */;
			buildPhases = (
				51B8CD2416FAED8A009B5DB4 /* Sources */,
				51B8CD3116FAED8A009B5DB4 /* Frameworks */,
				51B8CD3916FAED8A009B5DB4 /* Resources */,
			);
			buildRules = (
			);
			dependencies = (
			);
			name = birthday;
			productName = sosmessage;
			productReference = 51B8CD6716FAED8A009B5DB4 /* smb.app */;
			productType = "com.apple.product-type.application";
		};
/* End PBXNativeTarget section */

/* Begin PBXProject section */
		516515BB145DEA4000CF6C45 /* Project object */ = {
			isa = PBXProject;
			attributes = {
				LastUpgradeCheck = 0460;
			};
			buildConfigurationList = 516515BE145DEA4000CF6C45 /* Build configuration list for PBXProject "sosmessage" */;
			compatibilityVersion = "Xcode 3.2";
			developmentRegion = English;
			hasScannedForEncodings = 0;
			knownRegions = (
				en,
				fr,
			);
			mainGroup = 516515B9145DEA4000CF6C45;
			productRefGroup = 516515C5145DEA4000CF6C45 /* Products */;
			projectDirPath = "";
			projectRoot = "";
			targets = (
				516515C3145DEA4000CF6C45 /* sosmessage */,
				515F720314BE2CF5004676E1 /* break up */,
				51B8CCD916FAECB3009B5DB4 /* jokes */,
				51B8CD2316FAED8A009B5DB4 /* birthday */,
			);
		};
/* End PBXProject section */

/* Begin PBXResourcesBuildPhase section */
		515F721714BE2CF5004676E1 /* Resources */ = {
			isa = PBXResourcesBuildPhase;
			buildActionMask = 2147483647;
			files = (
				515F721814BE2CF5004676E1 /* InfoPlist.strings in Resources */,
				515F721914BE2CF5004676E1 /* SMCategoriesViewController.xib in Resources */,
				515F721A14BE2CF5004676E1 /* SMMessageViewController.xib in Resources */,
				51C133B215FD26A200128453 /* SMAboutViewController.xib in Resources */,
				515F721C14BE2CF5004676E1 /* btn_back.png in Resources */,
				515F721D14BE2CF5004676E1 /* canvas.jpg in Resources */,
				515F722014BE2CF5004676E1 /* Default@2x.png in Resources */,
				515F722114BE2CF5004676E1 /* Default-Landscape~ipad.png in Resources */,
				515F722214BE2CF5004676E1 /* Default-Portrait~ipad.png in Resources */,
				51C133AD15FD257000128453 /* SMProposeNewMessageController.xib in Resources */,
				5129835214C163CA00252D33 /* new.png in Resources */,
				51B84BA214CC81C400A20D2C /* btn_send.png in Resources */,
				51B84BA814CC836200A20D2C /* btn_minus.png in Resources */,
				51B84BAA14CC836200A20D2C /* btn_next.png in Resources */,
				51B84BAC14CC836200A20D2C /* btn_plus.png in Resources */,
				51788A1B150CE50700AEE736 /* new_stamp.png in Resources */,
				513B9F4F15FA82F000199E82 /* Settings.bundle in Resources */,
				51C133BC15FD27B200128453 /* Localizable.strings in Resources */,
				51C133BE15FD27B200128453 /* Localizable.strings in Resources */,
				515B63AE16D0E1B0002FCC38 /* sosm_background_640_1136.png in Resources */,
				515B63B016D0E1B0002FCC38 /* sosm_next_message.png in Resources */,
				515B63B216D0E1B0002FCC38 /* sosm_previous_message.png in Resources */,
				515B63B516D0E29C002FCC38 /* sosm_message_container.png in Resources */,
				515B63B816D0E336002FCC38 /* sosm_button_send.png in Resources */,
				515B63BE16D10B6E002FCC38 /* sosm_dislike.png in Resources */,
				515B63C016D10B6E002FCC38 /* sosm_disliked.png in Resources */,
				515B63C216D10B6E002FCC38 /* sosm_like.png in Resources */,
				515B63C416D10B6E002FCC38 /* sosm_liked.png in Resources */,
				515B63C716D11217002FCC38 /* sosm_bottom_bar.png in Resources */,
				515B63CA16D118C0002FCC38 /* sosm_top_bar_with_icon.png in Resources */,
				515B63CE16D13416002FCC38 /* sosm_button_home_empty.png in Resources */,
				515B63D016D13416002FCC38 /* sosm_button_home.png in Resources */,
				51D85B6516F8D194002635CF /* sosmessage-bu.plist in Resources */,
				51B8CCD116FAEBF6009B5DB4 /* 57px_breakup.png in Resources */,
				51B8CCD316FAEC07009B5DB4 /* 114px_breakup.png in Resources */,
				51B8CCD416FAEC43009B5DB4 /* Default-568h@2x.png in Resources */,
				51B8CCD616FAEC72009B5DB4 /* 72px_breakup.png in Resources */,
				51B8CCD816FAEC78009B5DB4 /* 144px_breakup.png in Resources */,
			);
			runOnlyForDeploymentPostprocessing = 0;
		};
		516515C2145DEA4000CF6C45 /* Resources */ = {
			isa = PBXResourcesBuildPhase;
			buildActionMask = 2147483647;
			files = (
				516515D3145DEA4000CF6C45 /* InfoPlist.strings in Resources */,
				516515DF145DEA4100CF6C45 /* SMCategoriesViewController.xib in Resources */,
				51A5CE0D1466768A00B274B3 /* SMMessageViewController.xib in Resources */,
				51C133B115FD26A200128453 /* SMAboutViewController.xib in Resources */,
				514CDA3414975450008A3115 /* btn_back.png in Resources */,
				5109146314AE0B5300047A47 /* canvas.jpg in Resources */,
				5109146E14AE63FB00047A47 /* Default@2x.png in Resources */,
				5109147014AE640B00047A47 /* Default-Landscape~ipad.png in Resources */,
				5109147214AE641200047A47 /* Default-Portrait~ipad.png in Resources */,
				51C133AC15FD257000128453 /* SMProposeNewMessageController.xib in Resources */,
				5129835114C163CA00252D33 /* new.png in Resources */,
				51B84BA114CC81C400A20D2C /* btn_send.png in Resources */,
				51B84BA714CC836200A20D2C /* btn_minus.png in Resources */,
				51B84BA914CC836200A20D2C /* btn_next.png in Resources */,
				51B84BAB14CC836200A20D2C /* btn_plus.png in Resources */,
				51788A1A150CE50700AEE736 /* new_stamp.png in Resources */,
				513B9F4E15FA82F000199E82 /* Settings.bundle in Resources */,
				51C133BB15FD27B200128453 /* Localizable.strings in Resources */,
				51C133BD15FD27B200128453 /* Localizable.strings in Resources */,
				5171FA28160BADB600D19E01 /* Default-568h@2x.png in Resources */,
				515B63AD16D0E1B0002FCC38 /* sosm_background_640_1136.png in Resources */,
				515B63AF16D0E1B0002FCC38 /* sosm_next_message.png in Resources */,
				515B63B116D0E1B0002FCC38 /* sosm_previous_message.png in Resources */,
				515B63B416D0E29C002FCC38 /* sosm_message_container.png in Resources */,
				515B63B716D0E336002FCC38 /* sosm_button_send.png in Resources */,
				515B63BD16D10B6E002FCC38 /* sosm_dislike.png in Resources */,
				515B63BF16D10B6E002FCC38 /* sosm_disliked.png in Resources */,
				515B63C116D10B6E002FCC38 /* sosm_like.png in Resources */,
				515B63C316D10B6E002FCC38 /* sosm_liked.png in Resources */,
				515B63C616D11217002FCC38 /* sosm_bottom_bar.png in Resources */,
				515B63C916D118C0002FCC38 /* sosm_top_bar_with_icon.png in Resources */,
				515B63CD16D13416002FCC38 /* sosm_button_home_empty.png in Resources */,
				515B63CF16D13416002FCC38 /* sosm_button_home.png in Resources */,
				515B63D216D1673A002FCC38 /* 57px_full_app.png in Resources */,
				515B63D416D16744002FCC38 /* 114px_full_app.png in Resources */,
				515B63D616D16886002FCC38 /* 72px_full_app.png in Resources */,
				515B63D816D1688F002FCC38 /* 144px_full_app.png in Resources */,
			);
			runOnlyForDeploymentPostprocessing = 0;
		};
		51B8CCEF16FAECB3009B5DB4 /* Resources */ = {
			isa = PBXResourcesBuildPhase;
			buildActionMask = 2147483647;
			files = (
				51B8CCF016FAECB3009B5DB4 /* InfoPlist.strings in Resources */,
				51B8CCF116FAECB3009B5DB4 /* SMCategoriesViewController.xib in Resources */,
				51B8CCF216FAECB3009B5DB4 /* SMMessageViewController.xib in Resources */,
				51B8CCF316FAECB3009B5DB4 /* SMAboutViewController.xib in Resources */,
				51B8CCF416FAECB3009B5DB4 /* btn_back.png in Resources */,
				51B8CCF516FAECB3009B5DB4 /* canvas.jpg in Resources */,
				51B8CCF616FAECB3009B5DB4 /* Default@2x.png in Resources */,
				51B8CCF716FAECB3009B5DB4 /* Default-Landscape~ipad.png in Resources */,
				51B8CCF816FAECB3009B5DB4 /* Default-Portrait~ipad.png in Resources */,
				51B8CCF916FAECB3009B5DB4 /* SMProposeNewMessageController.xib in Resources */,
				51B8CCFA16FAECB3009B5DB4 /* new.png in Resources */,
				51B8CCFB16FAECB3009B5DB4 /* btn_send.png in Resources */,
				51B8CCFC16FAECB3009B5DB4 /* btn_minus.png in Resources */,
				51B8CCFD16FAECB3009B5DB4 /* btn_next.png in Resources */,
				51B8CCFE16FAECB3009B5DB4 /* btn_plus.png in Resources */,
				51B8CCFF16FAECB3009B5DB4 /* new_stamp.png in Resources */,
				51B8CD0016FAECB3009B5DB4 /* Settings.bundle in Resources */,
				51B8CD0116FAECB3009B5DB4 /* Localizable.strings in Resources */,
				51B8CD0216FAECB3009B5DB4 /* Localizable.strings in Resources */,
				51B8CD0316FAECB3009B5DB4 /* sosm_background_640_1136.png in Resources */,
				51B8CD0416FAECB3009B5DB4 /* sosm_next_message.png in Resources */,
				51B8CD0516FAECB3009B5DB4 /* sosm_previous_message.png in Resources */,
				51B8CD0616FAECB3009B5DB4 /* sosm_message_container.png in Resources */,
				51B8CD0716FAECB3009B5DB4 /* sosm_button_send.png in Resources */,
				51B8CD0816FAECB3009B5DB4 /* sosm_dislike.png in Resources */,
				51B8CD0916FAECB3009B5DB4 /* sosm_disliked.png in Resources */,
				51B8CD0A16FAECB3009B5DB4 /* sosm_like.png in Resources */,
				51B8CD0B16FAECB3009B5DB4 /* sosm_liked.png in Resources */,
				51B8CD0C16FAECB3009B5DB4 /* sosm_bottom_bar.png in Resources */,
				51B8CD0D16FAECB3009B5DB4 /* sosm_top_bar_with_icon.png in Resources */,
				51B8CD0E16FAECB3009B5DB4 /* sosm_button_home_empty.png in Resources */,
				51B8CD0F16FAECB3009B5DB4 /* sosm_button_home.png in Resources */,
				51B8CD1016FAECB3009B5DB4 /* sosmessage-bu.plist in Resources */,
				51B8CD1116FAECB3009B5DB4 /* 57px_breakup.png in Resources */,
				51B8CD1216FAECB3009B5DB4 /* 114px_breakup.png in Resources */,
				51B8CD1316FAECB3009B5DB4 /* Default-568h@2x.png in Resources */,
				51B8CD1416FAECB3009B5DB4 /* 72px_breakup.png in Resources */,
				51B8CD1516FAECB3009B5DB4 /* 144px_breakup.png in Resources */,
				51B8CD1C16FAED30009B5DB4 /* 57px_jokes.png in Resources */,
				51B8CD1E16FAED34009B5DB4 /* 114px_jokes.png in Resources */,
				51B8CD2016FAED3E009B5DB4 /* 72px_jokes.png in Resources */,
				51B8CD2216FAED41009B5DB4 /* 144px_jokes.png in Resources */,
			);
			runOnlyForDeploymentPostprocessing = 0;
		};
		51B8CD3916FAED8A009B5DB4 /* Resources */ = {
			isa = PBXResourcesBuildPhase;
			buildActionMask = 2147483647;
			files = (
				51B8CD3A16FAED8A009B5DB4 /* InfoPlist.strings in Resources */,
				51B8CD3B16FAED8A009B5DB4 /* SMCategoriesViewController.xib in Resources */,
				51B8CD3C16FAED8A009B5DB4 /* SMMessageViewController.xib in Resources */,
				51B8CD3D16FAED8A009B5DB4 /* SMAboutViewController.xib in Resources */,
				51B8CD3E16FAED8A009B5DB4 /* btn_back.png in Resources */,
				51B8CD3F16FAED8A009B5DB4 /* canvas.jpg in Resources */,
				51B8CD4016FAED8A009B5DB4 /* Default@2x.png in Resources */,
				51B8CD4116FAED8A009B5DB4 /* Default-Landscape~ipad.png in Resources */,
				51B8CD4216FAED8A009B5DB4 /* Default-Portrait~ipad.png in Resources */,
				51B8CD4316FAED8A009B5DB4 /* SMProposeNewMessageController.xib in Resources */,
				51B8CD4416FAED8A009B5DB4 /* new.png in Resources */,
				51B8CD4516FAED8A009B5DB4 /* btn_send.png in Resources */,
				51B8CD4616FAED8A009B5DB4 /* btn_minus.png in Resources */,
				51B8CD4716FAED8A009B5DB4 /* btn_next.png in Resources */,
				51B8CD4816FAED8A009B5DB4 /* btn_plus.png in Resources */,
				51B8CD4916FAED8A009B5DB4 /* new_stamp.png in Resources */,
				51B8CD4A16FAED8A009B5DB4 /* Settings.bundle in Resources */,
				51B8CD4B16FAED8A009B5DB4 /* Localizable.strings in Resources */,
				51B8CD4C16FAED8A009B5DB4 /* Localizable.strings in Resources */,
				51B8CD4D16FAED8A009B5DB4 /* sosm_background_640_1136.png in Resources */,
				51B8CD4E16FAED8A009B5DB4 /* sosm_next_message.png in Resources */,
				51B8CD4F16FAED8A009B5DB4 /* sosm_previous_message.png in Resources */,
				51B8CD5016FAED8A009B5DB4 /* sosm_message_container.png in Resources */,
				51B8CD5116FAED8A009B5DB4 /* sosm_button_send.png in Resources */,
				51B8CD5216FAED8A009B5DB4 /* sosm_dislike.png in Resources */,
				51B8CD5316FAED8A009B5DB4 /* sosm_disliked.png in Resources */,
				51B8CD5416FAED8A009B5DB4 /* sosm_like.png in Resources */,
				51B8CD5516FAED8A009B5DB4 /* sosm_liked.png in Resources */,
				51B8CD5616FAED8A009B5DB4 /* sosm_bottom_bar.png in Resources */,
				51B8CD5716FAED8A009B5DB4 /* sosm_top_bar_with_icon.png in Resources */,
				51B8CD5816FAED8A009B5DB4 /* sosm_button_home_empty.png in Resources */,
				51B8CD5916FAED8A009B5DB4 /* sosm_button_home.png in Resources */,
				51B8CD5A16FAED8A009B5DB4 /* sosmessage-bu.plist in Resources */,
				51B8CD5B16FAED8A009B5DB4 /* 57px_breakup.png in Resources */,
				51B8CD5C16FAED8A009B5DB4 /* 114px_breakup.png in Resources */,
				51B8CD5D16FAED8A009B5DB4 /* Default-568h@2x.png in Resources */,
				51B8CD5E16FAED8A009B5DB4 /* 72px_breakup.png in Resources */,
				51B8CD5F16FAED8A009B5DB4 /* 144px_breakup.png in Resources */,
				51B8CD6016FAED8A009B5DB4 /* 57px_jokes.png in Resources */,
				51B8CD6116FAED8A009B5DB4 /* 114px_jokes.png in Resources */,
				51B8CD6216FAED8A009B5DB4 /* 72px_jokes.png in Resources */,
				51B8CD6316FAED8A009B5DB4 /* 144px_jokes.png in Resources */,
				51B8CD6A16FAEDED009B5DB4 /* 57px_birthday.png in Resources */,
				51B8CD6C16FAEDF5009B5DB4 /* 114px_birthday.png in Resources */,
				51B8CD6E16FAEDFA009B5DB4 /* 72px_birthday.png in Resources */,
				51B8CD7016FAEDFE009B5DB4 /* 144px_birthday.png in Resources */,
			);
			runOnlyForDeploymentPostprocessing = 0;
		};
/* End PBXResourcesBuildPhase section */

/* Begin PBXSourcesBuildPhase section */
		515F720414BE2CF5004676E1 /* Sources */ = {
			isa = PBXSourcesBuildPhase;
			buildActionMask = 2147483647;
			files = (
				515F720514BE2CF5004676E1 /* main.m in Sources */,
				515F720614BE2CF5004676E1 /* AppDelegate.m in Sources */,
				515F720714BE2CF5004676E1 /* SMCategoriesViewController.m in Sources */,
				515F720814BE2CF5004676E1 /* NSString+SOSMessage.m in Sources */,
				515F720914BE2CF5004676E1 /* SMMessageViewController.m in Sources */,
				515F720A14BE2CF5004676E1 /* SMMessagesHandler.m in Sources */,
				515F720B14BE2CF5004676E1 /* MBProgressHUD.m in Sources */,
				515F720C14BE2CF5004676E1 /* SMAboutViewController.m in Sources */,
				515F720D14BE2CF5004676E1 /* UIColor+SOSMessage.m in Sources */,
				515F720E14BE2CF5004676E1 /* SMProposeNewMessageController.m in Sources */,
				515F720F14BE2CF5004676E1 /* UIButton+SOSMessage.m in Sources */,
				517E321C14F0DB1D003565F9 /* AdBannerNavigationController.m in Sources */,
			);
			runOnlyForDeploymentPostprocessing = 0;
		};
		516515C0145DEA4000CF6C45 /* Sources */ = {
			isa = PBXSourcesBuildPhase;
			buildActionMask = 2147483647;
			files = (
				516515D5145DEA4000CF6C45 /* main.m in Sources */,
				516515D9145DEA4100CF6C45 /* AppDelegate.m in Sources */,
				516515DC145DEA4100CF6C45 /* SMCategoriesViewController.m in Sources */,
				51A5CE061465221400B274B3 /* NSString+SOSMessage.m in Sources */,
				51A5CE0C1466768A00B274B3 /* SMMessageViewController.m in Sources */,
				510CB9411471B4A80039C8A0 /* SMMessagesHandler.m in Sources */,
				51F1A70814746B710092F9F8 /* MBProgressHUD.m in Sources */,
				513FBA3D1480F4ED00E69AC1 /* SMAboutViewController.m in Sources */,
				5109146614AE279800047A47 /* UIColor+SOSMessage.m in Sources */,
				51973E3214B64B650062C26B /* SMProposeNewMessageController.m in Sources */,
				517ECA4314B9A8F600B3CA55 /* UIButton+SOSMessage.m in Sources */,
				517E321B14F0DB1D003565F9 /* AdBannerNavigationController.m in Sources */,
			);
			runOnlyForDeploymentPostprocessing = 0;
		};
		51B8CCDA16FAECB3009B5DB4 /* Sources */ = {
			isa = PBXSourcesBuildPhase;
			buildActionMask = 2147483647;
			files = (
				51B8CCDB16FAECB3009B5DB4 /* main.m in Sources */,
				51B8CCDC16FAECB3009B5DB4 /* AppDelegate.m in Sources */,
				51B8CCDD16FAECB3009B5DB4 /* SMCategoriesViewController.m in Sources */,
				51B8CCDE16FAECB3009B5DB4 /* NSString+SOSMessage.m in Sources */,
				51B8CCDF16FAECB3009B5DB4 /* SMMessageViewController.m in Sources */,
				51B8CCE016FAECB3009B5DB4 /* SMMessagesHandler.m in Sources */,
				51B8CCE116FAECB3009B5DB4 /* MBProgressHUD.m in Sources */,
				51B8CCE216FAECB3009B5DB4 /* SMAboutViewController.m in Sources */,
				51B8CCE316FAECB3009B5DB4 /* UIColor+SOSMessage.m in Sources */,
				51B8CCE416FAECB3009B5DB4 /* SMProposeNewMessageController.m in Sources */,
				51B8CCE516FAECB3009B5DB4 /* UIButton+SOSMessage.m in Sources */,
				51B8CCE616FAECB3009B5DB4 /* AdBannerNavigationController.m in Sources */,
			);
			runOnlyForDeploymentPostprocessing = 0;
		};
		51B8CD2416FAED8A009B5DB4 /* Sources */ = {
			isa = PBXSourcesBuildPhase;
			buildActionMask = 2147483647;
			files = (
				51B8CD2516FAED8A009B5DB4 /* main.m in Sources */,
				51B8CD2616FAED8A009B5DB4 /* AppDelegate.m in Sources */,
				51B8CD2716FAED8A009B5DB4 /* SMCategoriesViewController.m in Sources */,
				51B8CD2816FAED8A009B5DB4 /* NSString+SOSMessage.m in Sources */,
				51B8CD2916FAED8A009B5DB4 /* SMMessageViewController.m in Sources */,
				51B8CD2A16FAED8A009B5DB4 /* SMMessagesHandler.m in Sources */,
				51B8CD2B16FAED8A009B5DB4 /* MBProgressHUD.m in Sources */,
				51B8CD2C16FAED8A009B5DB4 /* SMAboutViewController.m in Sources */,
				51B8CD2D16FAED8A009B5DB4 /* UIColor+SOSMessage.m in Sources */,
				51B8CD2E16FAED8A009B5DB4 /* SMProposeNewMessageController.m in Sources */,
				51B8CD2F16FAED8A009B5DB4 /* UIButton+SOSMessage.m in Sources */,
				51B8CD3016FAED8A009B5DB4 /* AdBannerNavigationController.m in Sources */,
			);
			runOnlyForDeploymentPostprocessing = 0;
		};
/* End PBXSourcesBuildPhase section */

/* Begin PBXVariantGroup section */
		516515D1145DEA4000CF6C45 /* InfoPlist.strings */ = {
			isa = PBXVariantGroup;
			children = (
				516515D2145DEA4000CF6C45 /* en */,
				51DCAD9415FE8446008F07AC /* fr */,
			);
			name = InfoPlist.strings;
			sourceTree = "<group>";
		};
		516515DD145DEA4100CF6C45 /* SMCategoriesViewController.xib */ = {
			isa = PBXVariantGroup;
			children = (
				516515DE145DEA4100CF6C45 /* en */,
			);
			name = SMCategoriesViewController.xib;
			sourceTree = "<group>";
		};
		51C133AF15FD257000128453 /* SMProposeNewMessageController.xib */ = {
			isa = PBXVariantGroup;
			children = (
				51C133AE15FD257000128453 /* en */,
				5187633816F4685E003D0B2B /* fr */,
			);
			name = SMProposeNewMessageController.xib;
			sourceTree = "<group>";
		};
		51C133B415FD26A200128453 /* SMAboutViewController.xib */ = {
			isa = PBXVariantGroup;
			children = (
				51C133B315FD26A200128453 /* en */,
				51DCAD9315FE8446008F07AC /* fr */,
			);
			name = SMAboutViewController.xib;
			sourceTree = "<group>";
		};
		51C133B615FD27B200128453 /* Localizable.strings */ = {
			isa = PBXVariantGroup;
			children = (
				51C133B715FD27B200128453 /* en */,
			);
			name = Localizable.strings;
			sourceTree = "<group>";
		};
		51C133B915FD27B200128453 /* Localizable.strings */ = {
			isa = PBXVariantGroup;
			children = (
				51C133BA15FD27B200128453 /* fr */,
			);
			name = Localizable.strings;
			sourceTree = "<group>";
		};
/* End PBXVariantGroup section */

/* Begin XCBuildConfiguration section */
		515F722614BE2CF5004676E1 /* Debug */ = {
			isa = XCBuildConfiguration;
			buildSettings = {
				GCC_PRECOMPILE_PREFIX_HEADER = YES;
				GCC_PREFIX_HEADER = "sosmessage/sosmessage-Prefix.pch";
				INFOPLIST_FILE = "sosmessage/sosmessage-bu.plist";
				PRODUCT_NAME = smbu;
				WRAPPER_EXTENSION = app;
			};
			name = Debug;
		};
		515F722714BE2CF5004676E1 /* Release */ = {
			isa = XCBuildConfiguration;
			buildSettings = {
				GCC_PRECOMPILE_PREFIX_HEADER = YES;
				GCC_PREFIX_HEADER = "sosmessage/sosmessage-Prefix.pch";
				INFOPLIST_FILE = "sosmessage/sosmessage-bu.plist";
				PRODUCT_NAME = smbu;
				WRAPPER_EXTENSION = app;
			};
			name = Release;
		};
		516515E3145DEA4100CF6C45 /* Debug */ = {
			isa = XCBuildConfiguration;
			buildSettings = {
				ALWAYS_SEARCH_USER_PATHS = NO;
				ARCHS = "$(ARCHS_STANDARD_32_BIT)";
				CLANG_WARN_CONSTANT_CONVERSION = YES;
				CLANG_WARN_ENUM_CONVERSION = YES;
				CLANG_WARN_INT_CONVERSION = YES;
				CLANG_WARN__DUPLICATE_METHOD_MATCH = YES;
				"CODE_SIGN_IDENTITY[sdk=iphoneos*]" = "iPhone Developer";
				COPY_PHASE_STRIP = NO;
				GCC_C_LANGUAGE_STANDARD = gnu99;
				GCC_DYNAMIC_NO_PIC = NO;
				GCC_OPTIMIZATION_LEVEL = 0;
				GCC_PREPROCESSOR_DEFINITIONS = (
					"DEBUG=1",
					"$(inherited)",
				);
				GCC_SYMBOLS_PRIVATE_EXTERN = NO;
				GCC_VERSION = com.apple.compilers.llvm.clang.1_0;
				GCC_WARN_ABOUT_MISSING_PROTOTYPES = YES;
				GCC_WARN_ABOUT_RETURN_TYPE = YES;
				GCC_WARN_UNINITIALIZED_AUTOS = YES;
				GCC_WARN_UNUSED_VARIABLE = YES;
				IPHONEOS_DEPLOYMENT_TARGET = 5.0;
				SDKROOT = iphoneos;
				TARGETED_DEVICE_FAMILY = "1,2";
			};
			name = Debug;
		};
		516515E4145DEA4100CF6C45 /* Release */ = {
			isa = XCBuildConfiguration;
			buildSettings = {
				ALWAYS_SEARCH_USER_PATHS = NO;
				ARCHS = "$(ARCHS_STANDARD_32_BIT)";
				CLANG_WARN_CONSTANT_CONVERSION = YES;
				CLANG_WARN_ENUM_CONVERSION = YES;
				CLANG_WARN_INT_CONVERSION = YES;
				CLANG_WARN__DUPLICATE_METHOD_MATCH = YES;
				"CODE_SIGN_IDENTITY[sdk=iphoneos*]" = "iPhone Developer";
				COPY_PHASE_STRIP = YES;
				GCC_C_LANGUAGE_STANDARD = gnu99;
				GCC_VERSION = com.apple.compilers.llvm.clang.1_0;
				GCC_WARN_ABOUT_MISSING_PROTOTYPES = YES;
				GCC_WARN_ABOUT_RETURN_TYPE = YES;
				GCC_WARN_UNINITIALIZED_AUTOS = YES;
				GCC_WARN_UNUSED_VARIABLE = YES;
				IPHONEOS_DEPLOYMENT_TARGET = 5.0;
				OTHER_CFLAGS = "-DNS_BLOCK_ASSERTIONS=1";
				SDKROOT = iphoneos;
				TARGETED_DEVICE_FAMILY = "1,2";
				VALIDATE_PRODUCT = YES;
			};
			name = Release;
		};
		516515E6145DEA4100CF6C45 /* Debug */ = {
			isa = XCBuildConfiguration;
			buildSettings = {
				GCC_PRECOMPILE_PREFIX_HEADER = YES;
				GCC_PREFIX_HEADER = "sosmessage/sosmessage-Prefix.pch";
				INFOPLIST_FILE = "sosmessage/sosmessage-Info.plist";
				PRODUCT_NAME = "$(TARGET_NAME)";
				WRAPPER_EXTENSION = app;
			};
			name = Debug;
		};
		516515E7145DEA4100CF6C45 /* Release */ = {
			isa = XCBuildConfiguration;
			buildSettings = {
				GCC_PRECOMPILE_PREFIX_HEADER = YES;
				GCC_PREFIX_HEADER = "sosmessage/sosmessage-Prefix.pch";
				INFOPLIST_FILE = "sosmessage/sosmessage-Info.plist";
				PRODUCT_NAME = "$(TARGET_NAME)";
				WRAPPER_EXTENSION = app;
			};
			name = Release;
		};
		51B8CD1716FAECB3009B5DB4 /* Debug */ = {
			isa = XCBuildConfiguration;
			buildSettings = {
				GCC_PRECOMPILE_PREFIX_HEADER = YES;
				GCC_PREFIX_HEADER = "sosmessage/sosmessage-Prefix.pch";
				INFOPLIST_FILE = "sosmessage-jokes.plist";
				PRODUCT_NAME = smj;
				WRAPPER_EXTENSION = app;
			};
			name = Debug;
		};
		51B8CD1816FAECB3009B5DB4 /* Release */ = {
			isa = XCBuildConfiguration;
			buildSettings = {
				GCC_PRECOMPILE_PREFIX_HEADER = YES;
				GCC_PREFIX_HEADER = "sosmessage/sosmessage-Prefix.pch";
				INFOPLIST_FILE = "sosmessage-jokes.plist";
				PRODUCT_NAME = smj;
				WRAPPER_EXTENSION = app;
			};
			name = Release;
		};
		51B8CD6516FAED8A009B5DB4 /* Debug */ = {
			isa = XCBuildConfiguration;
			buildSettings = {
				GCC_PRECOMPILE_PREFIX_HEADER = YES;
				GCC_PREFIX_HEADER = "sosmessage/sosmessage-Prefix.pch";
				INFOPLIST_FILE = "$(SRCROOT)/sosmessage-birthday.plist";
				PRODUCT_NAME = smb;
				WRAPPER_EXTENSION = app;
			};
			name = Debug;
		};
		51B8CD6616FAED8A009B5DB4 /* Release */ = {
			isa = XCBuildConfiguration;
			buildSettings = {
				GCC_PRECOMPILE_PREFIX_HEADER = YES;
				GCC_PREFIX_HEADER = "sosmessage/sosmessage-Prefix.pch";
				INFOPLIST_FILE = "$(SRCROOT)/sosmessage-birthday.plist";
				PRODUCT_NAME = smb;
				WRAPPER_EXTENSION = app;
			};
			name = Release;
		};
/* End XCBuildConfiguration section */

/* Begin XCConfigurationList section */
		515F722514BE2CF5004676E1 /* Build configuration list for PBXNativeTarget "break up" */ = {
			isa = XCConfigurationList;
			buildConfigurations = (
				515F722614BE2CF5004676E1 /* Debug */,
				515F722714BE2CF5004676E1 /* Release */,
			);
			defaultConfigurationIsVisible = 0;
			defaultConfigurationName = Release;
		};
		516515BE145DEA4000CF6C45 /* Build configuration list for PBXProject "sosmessage" */ = {
			isa = XCConfigurationList;
			buildConfigurations = (
				516515E3145DEA4100CF6C45 /* Debug */,
				516515E4145DEA4100CF6C45 /* Release */,
			);
			defaultConfigurationIsVisible = 0;
			defaultConfigurationName = Release;
		};
		516515E5145DEA4100CF6C45 /* Build configuration list for PBXNativeTarget "sosmessage" */ = {
			isa = XCConfigurationList;
			buildConfigurations = (
				516515E6145DEA4100CF6C45 /* Debug */,
				516515E7145DEA4100CF6C45 /* Release */,
			);
			defaultConfigurationIsVisible = 0;
			defaultConfigurationName = Release;
		};
		51B8CD1616FAECB3009B5DB4 /* Build configuration list for PBXNativeTarget "jokes" */ = {
			isa = XCConfigurationList;
			buildConfigurations = (
				51B8CD1716FAECB3009B5DB4 /* Debug */,
				51B8CD1816FAECB3009B5DB4 /* Release */,
			);
			defaultConfigurationIsVisible = 0;
			defaultConfigurationName = Release;
		};
		51B8CD6416FAED8A009B5DB4 /* Build configuration list for PBXNativeTarget "birthday" */ = {
			isa = XCConfigurationList;
			buildConfigurations = (
				51B8CD6516FAED8A009B5DB4 /* Debug */,
				51B8CD6616FAED8A009B5DB4 /* Release */,
			);
			defaultConfigurationIsVisible = 0;
			defaultConfigurationName = Release;
		};
/* End XCConfigurationList section */
	};
	rootObject = 516515BB145DEA4000CF6C45 /* Project object */;
}
